
Microsoft Visual Studio Solution File, Format Version 12.00
# Visual Studio Version 17
VisualStudioVersion = 17.4.33213.308
MinimumVisualStudioVersion = 10.0.40219.1
Project("{9A19103F-16F7-4668-BE54-9A1E7A4F7556}") = "ChanEd", "ChanEd\ChanEd.csproj", "{59F66A7A-5177-48A8-947A-49E4AF606DC3}"
	ProjectSection(ProjectDependencies) = postProject
		{136265FA-4F9C-4AB4-BACD-EFA82CD2F4C0} = {136265FA-4F9C-4AB4-BACD-EFA82CD2F4C0}
		{14C9FC0D-02E3-415E-A262-1EADBD90BCCB} = {14C9FC0D-02E3-415E-A262-1EADBD90BCCB}
		{22CEE37F-D379-4361-9EDD-F72E7EA1EB9F} = {22CEE37F-D379-4361-9EDD-F72E7EA1EB9F}
		{34BE7F47-472B-4A12-9A90-2997A8D96179} = {34BE7F47-472B-4A12-9A90-2997A8D96179}
		{35A3CF03-EC37-4DD8-A4E1-8D4CB2E22CFE} = {35A3CF03-EC37-4DD8-A4E1-8D4CB2E22CFE}
		{45C88D1E-E320-444B-8949-792B72349077} = {45C88D1E-E320-444B-8949-792B72349077}
		{47D93FDF-E950-4AAD-AFF9-144AC6ACD6D5} = {47D93FDF-E950-4AAD-AFF9-144AC6ACD6D5}
		{59B4657D-1DC0-4721-83D7-D8F88BBDCB14} = {59B4657D-1DC0-4721-83D7-D8F88BBDCB14}
		{5A547A3B-E184-4E65-8CF7-C31A42644871} = {5A547A3B-E184-4E65-8CF7-C31A42644871}
		{5CCC5F83-BB0D-4EA3-938E-E6AB9C147AAB} = {5CCC5F83-BB0D-4EA3-938E-E6AB9C147AAB}
		{6950321D-1529-4F60-9C1B-8F84740610EB} = {6950321D-1529-4F60-9C1B-8F84740610EB}
		{719F0F51-4B2A-4D21-BE6D-575077865AD3} = {719F0F51-4B2A-4D21-BE6D-575077865AD3}
		{875EE387-1D1F-4803-90E1-3C40F2FC6B17} = {875EE387-1D1F-4803-90E1-3C40F2FC6B17}
		{8D729629-A1B2-4ACD-9C1D-862920B20BFA} = {8D729629-A1B2-4ACD-9C1D-862920B20BFA}
		{916A6AD4-EF6D-48E5-A439-794ECAA9877A} = {916A6AD4-EF6D-48E5-A439-794ECAA9877A}
		{A2A5C606-167C-4FC2-87A8-2D67590B283B} = {A2A5C606-167C-4FC2-87A8-2D67590B283B}
		{A65FC62A-D57D-4D96-8C70-96C3E74FAD7E} = {A65FC62A-D57D-4D96-8C70-96C3E74FAD7E}
		{AE505779-C8D6-4091-9165-D1DEB81D863B} = {AE505779-C8D6-4091-9165-D1DEB81D863B}
		{BB7CC73D-305D-4BC2-99B9-EE156561E1D5} = {BB7CC73D-305D-4BC2-99B9-EE156561E1D5}
		{D44AE578-1C5D-415A-AB89-2CD6822DF4BF} = {D44AE578-1C5D-415A-AB89-2CD6822DF4BF}
		{D77F564E-7399-4839-9ED8-0FCF313AA2C6} = {D77F564E-7399-4839-9ED8-0FCF313AA2C6}
		{FBCBD300-DBD8-4028-AC75-F114872096AD} = {FBCBD300-DBD8-4028-AC75-F114872096AD}
	EndProjectSection
EndProject
Project("{9A19103F-16F7-4668-BE54-9A1E7A4F7556}") = "ChanEd.Core", "ChanEd.Core\ChanEd.Core.csproj", "{76A93505-97E9-419B-A1E0-79EF153E4520}"
EndProject
Project("{9A19103F-16F7-4668-BE54-9A1E7A4F7556}") = "ChanEd.Tests.MSTest", "ChanEd.Tests.MSTest\ChanEd.Tests.MSTest.csproj", "{283A08E5-5809-4F9F-8611-543D2E3B7A43}"
EndProject
Project("{9A19103F-16F7-4668-BE54-9A1E7A4F7556}") = "ChanSort.Api", "ChanSort.Api\ChanSort.Api.csproj", "{5A547A3B-E184-4E65-8CF7-C31A42644871}"
EndProject
Project("{9A19103F-16F7-4668-BE54-9A1E7A4F7556}") = "ChanSort.Loader.Android", "ChanSort.Loader.Android\ChanSort.Loader.Android.csproj", "{59B4657D-1DC0-4721-83D7-D8F88BBDCB14}"
EndProject
Project("{9A19103F-16F7-4668-BE54-9A1E7A4F7556}") = "ChanSort.Loader.CmdbBin", "ChanSort.Loader.CmdbBin\ChanSort.Loader.CmdbBin.csproj", "{35A3CF03-EC37-4DD8-A4E1-8D4CB2E22CFE}"
EndProject
Project("{9A19103F-16F7-4668-BE54-9A1E7A4F7556}") = "ChanSort.Loader.DBM", "ChanSort.Loader.DBM\ChanSort.Loader.DBM.csproj", "{6950321D-1529-4F60-9C1B-8F84740610EB}"
EndProject
Project("{9A19103F-16F7-4668-BE54-9A1E7A4F7556}") = "ChanSort.Loader.Enigma2", "ChanSort.Loader.Enigma2\ChanSort.Loader.Enigma2.csproj", "{22CEE37F-D379-4361-9EDD-F72E7EA1EB9F}"
EndProject
Project("{9A19103F-16F7-4668-BE54-9A1E7A4F7556}") = "ChanSort.Loader.Grundig", "ChanSort.Loader.Grundig\ChanSort.Loader.Grundig.csproj", "{916A6AD4-EF6D-48E5-A439-794ECAA9877A}"
EndProject
Project("{9A19103F-16F7-4668-BE54-9A1E7A4F7556}") = "ChanSort.Loader.Hisense", "ChanSort.Loader.Hisense\ChanSort.Loader.Hisense.csproj", "{875EE387-1D1F-4803-90E1-3C40F2FC6B17}"
EndProject
Project("{9A19103F-16F7-4668-BE54-9A1E7A4F7556}") = "ChanSort.Loader.LG", "ChanSort.Loader.LG\ChanSort.Loader.LG.csproj", "{136265FA-4F9C-4AB4-BACD-EFA82CD2F4C0}"
EndProject
Project("{9A19103F-16F7-4668-BE54-9A1E7A4F7556}") = "ChanSort.Loader.LG.UI", "ChanSort.Loader.LG.UI\ChanSort.Loader.LG.UI.csproj", "{87D8B7D1-E2DB-4AF7-B409-AEE0597F3314}"
EndProject
Project("{9A19103F-16F7-4668-BE54-9A1E7A4F7556}") = "ChanSort.Loader.Loewe", "ChanSort.Loader.Loewe\ChanSort.Loader.Loewe.csproj", "{47D93FDF-E950-4AAD-AFF9-144AC6ACD6D5}"
EndProject
Project("{9A19103F-16F7-4668-BE54-9A1E7A4F7556}") = "ChanSort.Loader.M3u", "ChanSort.Loader.M3u\ChanSort.Loader.M3u.csproj", "{FBCBD300-DBD8-4028-AC75-F114872096AD}"
EndProject
Project("{9A19103F-16F7-4668-BE54-9A1E7A4F7556}") = "ChanSort.Loader.Panasonic", "ChanSort.Loader.Panasonic\ChanSort.Loader.Panasonic.csproj", "{45C88D1E-E320-444B-8949-792B72349077}"
EndProject
Project("{9A19103F-16F7-4668-BE54-9A1E7A4F7556}") = "ChanSort.Loader.Philips", "ChanSort.Loader.Philips\ChanSort.Loader.Philips.csproj", "{D77F564E-7399-4839-9ED8-0FCF313AA2C6}"
EndProject
Project("{FAE04EC0-301F-11D3-BF4B-00C04F79EFBC}") = "ChanSort.Loader.RefList", "ChanSort.Loader.RefList\ChanSort.Loader.RefList.csproj", "{A2A5C606-167C-4FC2-87A8-2D67590B283B}"
EndProject
Project("{9A19103F-16F7-4668-BE54-9A1E7A4F7556}") = "ChanSort.Loader.Samsung", "ChanSort.Loader.Samsung\ChanSort.Loader.Samsung.csproj", "{BB7CC73D-305D-4BC2-99B9-EE156561E1D5}"
EndProject
Project("{9A19103F-16F7-4668-BE54-9A1E7A4F7556}") = "ChanSort.Loader.SatcoDX", "ChanSort.Loader.SatcoDX\ChanSort.Loader.SatcoDX.csproj", "{34BE7F47-472B-4A12-9A90-2997A8D96179}"
EndProject
Project("{9A19103F-16F7-4668-BE54-9A1E7A4F7556}") = "ChanSort.Loader.Sharp", "ChanSort.Loader.Sharp\ChanSort.Loader.Sharp.csproj", "{8D729629-A1B2-4ACD-9C1D-862920B20BFA}"
EndProject
Project("{9A19103F-16F7-4668-BE54-9A1E7A4F7556}") = "ChanSort.Loader.Sony", "ChanSort.Loader.Sony\ChanSort.Loader.Sony.csproj", "{AE505779-C8D6-4091-9165-D1DEB81D863B}"
EndProject
Project("{9A19103F-16F7-4668-BE54-9A1E7A4F7556}") = "ChanSort.Loader.TCL", "ChanSort.Loader.TCL\ChanSort.Loader.TCL.csproj", "{719F0F51-4B2A-4D21-BE6D-575077865AD3}"
EndProject
Project("{9A19103F-16F7-4668-BE54-9A1E7A4F7556}") = "ChanSort.Loader.Toshiba", "ChanSort.Loader.Toshiba\ChanSort.Loader.Toshiba.csproj", "{A65FC62A-D57D-4D96-8C70-96C3E74FAD7E}"
EndProject
Project("{9A19103F-16F7-4668-BE54-9A1E7A4F7556}") = "ChanSort.Loader.Unsupported", "ChanSort.Loader.Unsupported\ChanSort.Loader.Unsupported.csproj", "{14C9FC0D-02E3-415E-A262-1EADBD90BCCB}"
EndProject
Project("{9A19103F-16F7-4668-BE54-9A1E7A4F7556}") = "ChanSort.Loader.VDR", "ChanSort.Loader.VDR\ChanSort.Loader.VDR.csproj", "{F26CBF3C-E000-4756-B0E5-0AE39E1FDC79}"
EndProject
Project("{9A19103F-16F7-4668-BE54-9A1E7A4F7556}") = "ChanSort.Loader.VisionEdge4K", "ChanSort.Loader.VisionEdge4K\ChanSort.Loader.VisionEdge4K.csproj", "{5CCC5F83-BB0D-4EA3-938E-E6AB9C147AAB}"
EndProject
Project("{9A19103F-16F7-4668-BE54-9A1E7A4F7556}") = "Spikes", "Spike.LgWebOs5\Spikes.csproj", "{D44AE578-1C5D-415A-AB89-2CD6822DF4BF}"
EndProject
Project("{9A19103F-16F7-4668-BE54-9A1E7A4F7556}") = "Test.Api", "Test.Api\Test.Api.csproj", "{0BDFEA95-CF90-46A6-AC3C-4821655B2D86}"
EndProject
Project("{9A19103F-16F7-4668-BE54-9A1E7A4F7556}") = "Test.Loader", "Test.Loader\Test.Loader.csproj", "{C0054308-6DD0-46C0-91F0-FBA53020B703}"
EndProject
Project("{9A19103F-16F7-4668-BE54-9A1E7A4F7556}") = "Test.Loader.CmdbBin", "Test.Loader.CmdbBin\Test.Loader.CmdbBin.csproj", "{EA6B4AF8-1EA9-4361-A265-5B32C0F772AD}"
EndProject
Project("{9A19103F-16F7-4668-BE54-9A1E7A4F7556}") = "Test.Loader.Enigma2", "Test.Loader.Enigma2\Test.Loader.Enigma2.csproj", "{DBBE1CDC-649B-4860-A501-12443F6E0D2B}"
EndProject
Project("{9A19103F-16F7-4668-BE54-9A1E7A4F7556}") = "Test.Loader.Grundig", "Test.Loader.Grundig\Test.Loader.Grundig.csproj", "{19C66ACC-A49B-4908-AA7A-62410E9D47BD}"
EndProject
Project("{9A19103F-16F7-4668-BE54-9A1E7A4F7556}") = "Test.Loader.Hisense", "Test.Loader.Hisense\Test.Loader.Hisense.csproj", "{F40A7262-A5CC-4696-B0F3-6AC6FA4A8843}"
EndProject
Project("{9A19103F-16F7-4668-BE54-9A1E7A4F7556}") = "Test.Loader.LG", "Test.Loader.LG\Test.Loader.LG.csproj", "{F00FD539-FC24-476B-8C71-13D4FB219619}"
EndProject
Project("{9A19103F-16F7-4668-BE54-9A1E7A4F7556}") = "Test.Loader.M3u", "Test.Loader.M3u\Test.Loader.M3u.csproj", "{6A6E10BB-7A5F-4C2B-BFFC-9208EDA18C9F}"
EndProject
Project("{9A19103F-16F7-4668-BE54-9A1E7A4F7556}") = "Test.Loader.Panasonic", "Test.Loader.Panasonic\Test.Loader.Panasonic.csproj", "{CED3FBB4-0A7C-4D74-880C-9B49DB4285F9}"
EndProject
Project("{9A19103F-16F7-4668-BE54-9A1E7A4F7556}") = "Test.Loader.Philips", "Test.Loader.Philips\Test.Loader.Philips.csproj", "{7CCB5A28-912F-4CB2-8EA7-CB3D7628B74C}"
EndProject
Project("{9A19103F-16F7-4668-BE54-9A1E7A4F7556}") = "Test.Loader.Samsung", "Test.Loader.Samsung\Test.Loader.Samsung.csproj", "{56EF0A33-6EF8-451F-87B9-D53C105E8321}"
EndProject
Project("{9A19103F-16F7-4668-BE54-9A1E7A4F7556}") = "Test.Loader.SatcoDX", "Test.Loader.SatcoDX\Test.Loader.SatcoDX.csproj", "{45F25F84-D5E8-4B9F-9A08-60C22436518A}"
EndProject
Project("{9A19103F-16F7-4668-BE54-9A1E7A4F7556}") = "Test.Loader.Sharp", "Test.Loader.Sharp\Test.Loader.Sharp.csproj", "{E086EB16-C471-418A-B6F2-15F1D6C135AA}"
EndProject
Project("{9A19103F-16F7-4668-BE54-9A1E7A4F7556}") = "Test.Loader.Sony", "Test.Loader.Sony\Test.Loader.Sony.csproj", "{CF82B6AE-9404-4744-8FC2-A48ADCA50D90}"
EndProject
Project("{9A19103F-16F7-4668-BE54-9A1E7A4F7556}") = "Test.Loader.Toshiba", "Test.Loader.Toshiba\Test.Loader.Toshiba.csproj", "{36A42244-0152-4F65-A710-2CC6896BF94E}"
EndProject
Project("{9A19103F-16F7-4668-BE54-9A1E7A4F7556}") = "Test.Loader.VDR", "Test.Loader.VDR\Test.Loader.VDR.csproj", "{98379454-27E8-4C88-B484-8B5D58473BBB}"
EndProject
Global
	GlobalSection(SolutionConfigurationPlatforms) = preSolution
		Debug|Any CPU = Debug|Any CPU
		Debug|arm64 = Debug|arm64
		Debug|x64 = Debug|x64
		Debug|x86 = Debug|x86
		Release|Any CPU = Release|Any CPU
		Release|arm64 = Release|arm64
		Release|x64 = Release|x64
		Release|x86 = Release|x86
	EndGlobalSection
	GlobalSection(ProjectConfigurationPlatforms) = postSolution
		{59F66A7A-5177-48A8-947A-49E4AF606DC3}.Debug|Any CPU.ActiveCfg = Debug|x64
		{59F66A7A-5177-48A8-947A-49E4AF606DC3}.Debug|Any CPU.Build.0 = Debug|x64
		{59F66A7A-5177-48A8-947A-49E4AF606DC3}.Debug|Any CPU.Deploy.0 = Debug|x64
		{59F66A7A-5177-48A8-947A-49E4AF606DC3}.Debug|arm64.ActiveCfg = Debug|arm64
		{59F66A7A-5177-48A8-947A-49E4AF606DC3}.Debug|arm64.Build.0 = Debug|arm64
		{59F66A7A-5177-48A8-947A-49E4AF606DC3}.Debug|arm64.Deploy.0 = Debug|arm64
		{59F66A7A-5177-48A8-947A-49E4AF606DC3}.Debug|x64.ActiveCfg = Debug|x64
		{59F66A7A-5177-48A8-947A-49E4AF606DC3}.Debug|x64.Build.0 = Debug|x64
		{59F66A7A-5177-48A8-947A-49E4AF606DC3}.Debug|x64.Deploy.0 = Debug|x64
		{59F66A7A-5177-48A8-947A-49E4AF606DC3}.Debug|x86.ActiveCfg = Debug|x86
		{59F66A7A-5177-48A8-947A-49E4AF606DC3}.Debug|x86.Build.0 = Debug|x86
		{59F66A7A-5177-48A8-947A-49E4AF606DC3}.Debug|x86.Deploy.0 = Debug|x86
		{59F66A7A-5177-48A8-947A-49E4AF606DC3}.Release|Any CPU.ActiveCfg = Release|x64
		{59F66A7A-5177-48A8-947A-49E4AF606DC3}.Release|Any CPU.Build.0 = Release|x64
		{59F66A7A-5177-48A8-947A-49E4AF606DC3}.Release|Any CPU.Deploy.0 = Release|x64
		{59F66A7A-5177-48A8-947A-49E4AF606DC3}.Release|arm64.ActiveCfg = Release|arm64
		{59F66A7A-5177-48A8-947A-49E4AF606DC3}.Release|arm64.Build.0 = Release|arm64
		{59F66A7A-5177-48A8-947A-49E4AF606DC3}.Release|arm64.Deploy.0 = Release|arm64
		{59F66A7A-5177-48A8-947A-49E4AF606DC3}.Release|x64.ActiveCfg = Release|x64
		{59F66A7A-5177-48A8-947A-49E4AF606DC3}.Release|x64.Build.0 = Release|x64
		{59F66A7A-5177-48A8-947A-49E4AF606DC3}.Release|x64.Deploy.0 = Release|x64
		{59F66A7A-5177-48A8-947A-49E4AF606DC3}.Release|x86.ActiveCfg = Release|x86
		{59F66A7A-5177-48A8-947A-49E4AF606DC3}.Release|x86.Build.0 = Release|x86
		{59F66A7A-5177-48A8-947A-49E4AF606DC3}.Release|x86.Deploy.0 = Release|x86
		{76A93505-97E9-419B-A1E0-79EF153E4520}.Debug|Any CPU.ActiveCfg = Debug|Any CPU
		{76A93505-97E9-419B-A1E0-79EF153E4520}.Debug|Any CPU.Build.0 = Debug|Any CPU
		{76A93505-97E9-419B-A1E0-79EF153E4520}.Debug|arm64.ActiveCfg = Debug|arm64
		{76A93505-97E9-419B-A1E0-79EF153E4520}.Debug|arm64.Build.0 = Debug|arm64
		{76A93505-97E9-419B-A1E0-79EF153E4520}.Debug|x64.ActiveCfg = Debug|x64
		{76A93505-97E9-419B-A1E0-79EF153E4520}.Debug|x64.Build.0 = Debug|x64
		{76A93505-97E9-419B-A1E0-79EF153E4520}.Debug|x86.ActiveCfg = Debug|x86
		{76A93505-97E9-419B-A1E0-79EF153E4520}.Debug|x86.Build.0 = Debug|x86
		{76A93505-97E9-419B-A1E0-79EF153E4520}.Release|Any CPU.ActiveCfg = Release|Any CPU
		{76A93505-97E9-419B-A1E0-79EF153E4520}.Release|Any CPU.Build.0 = Release|Any CPU
		{76A93505-97E9-419B-A1E0-79EF153E4520}.Release|arm64.ActiveCfg = Release|arm64
		{76A93505-97E9-419B-A1E0-79EF153E4520}.Release|arm64.Build.0 = Release|arm64
		{76A93505-97E9-419B-A1E0-79EF153E4520}.Release|x64.ActiveCfg = Release|x64
		{76A93505-97E9-419B-A1E0-79EF153E4520}.Release|x64.Build.0 = Release|x64
		{76A93505-97E9-419B-A1E0-79EF153E4520}.Release|x86.ActiveCfg = Release|x86
		{76A93505-97E9-419B-A1E0-79EF153E4520}.Release|x86.Build.0 = Release|x86
		{283A08E5-5809-4F9F-8611-543D2E3B7A43}.Debug|Any CPU.ActiveCfg = Debug|x64
		{283A08E5-5809-4F9F-8611-543D2E3B7A43}.Debug|Any CPU.Build.0 = Debug|x64
		{283A08E5-5809-4F9F-8611-543D2E3B7A43}.Debug|arm64.ActiveCfg = Debug|arm64
		{283A08E5-5809-4F9F-8611-543D2E3B7A43}.Debug|arm64.Build.0 = Debug|arm64
		{283A08E5-5809-4F9F-8611-543D2E3B7A43}.Debug|x64.ActiveCfg = Debug|x64
		{283A08E5-5809-4F9F-8611-543D2E3B7A43}.Debug|x64.Build.0 = Debug|x64
		{283A08E5-5809-4F9F-8611-543D2E3B7A43}.Debug|x86.ActiveCfg = Debug|x86
		{283A08E5-5809-4F9F-8611-543D2E3B7A43}.Debug|x86.Build.0 = Debug|x86
		{283A08E5-5809-4F9F-8611-543D2E3B7A43}.Release|Any CPU.ActiveCfg = Release|x64
		{283A08E5-5809-4F9F-8611-543D2E3B7A43}.Release|Any CPU.Build.0 = Release|x64
		{283A08E5-5809-4F9F-8611-543D2E3B7A43}.Release|arm64.ActiveCfg = Release|arm64
		{283A08E5-5809-4F9F-8611-543D2E3B7A43}.Release|arm64.Build.0 = Release|arm64
		{283A08E5-5809-4F9F-8611-543D2E3B7A43}.Release|x64.ActiveCfg = Release|x64
		{283A08E5-5809-4F9F-8611-543D2E3B7A43}.Release|x64.Build.0 = Release|x64
		{283A08E5-5809-4F9F-8611-543D2E3B7A43}.Release|x86.ActiveCfg = Release|x86
		{283A08E5-5809-4F9F-8611-543D2E3B7A43}.Release|x86.Build.0 = Release|x86
		{5A547A3B-E184-4E65-8CF7-C31A42644871}.Debug|Any CPU.ActiveCfg = Debug|Any CPU
		{5A547A3B-E184-4E65-8CF7-C31A42644871}.Debug|Any CPU.Build.0 = Debug|Any CPU
		{5A547A3B-E184-4E65-8CF7-C31A42644871}.Debug|arm64.ActiveCfg = Debug|Any CPU
		{5A547A3B-E184-4E65-8CF7-C31A42644871}.Debug|arm64.Build.0 = Debug|Any CPU
		{5A547A3B-E184-4E65-8CF7-C31A42644871}.Debug|x64.ActiveCfg = Debug|Any CPU
		{5A547A3B-E184-4E65-8CF7-C31A42644871}.Debug|x64.Build.0 = Debug|Any CPU
		{5A547A3B-E184-4E65-8CF7-C31A42644871}.Debug|x86.ActiveCfg = Debug|Any CPU
		{5A547A3B-E184-4E65-8CF7-C31A42644871}.Debug|x86.Build.0 = Debug|Any CPU
		{5A547A3B-E184-4E65-8CF7-C31A42644871}.Release|Any CPU.ActiveCfg = Release|Any CPU
		{5A547A3B-E184-4E65-8CF7-C31A42644871}.Release|Any CPU.Build.0 = Release|Any CPU
		{5A547A3B-E184-4E65-8CF7-C31A42644871}.Release|arm64.ActiveCfg = Release|Any CPU
		{5A547A3B-E184-4E65-8CF7-C31A42644871}.Release|arm64.Build.0 = Release|Any CPU
		{5A547A3B-E184-4E65-8CF7-C31A42644871}.Release|x64.ActiveCfg = Release|Any CPU
		{5A547A3B-E184-4E65-8CF7-C31A42644871}.Release|x64.Build.0 = Release|Any CPU
		{5A547A3B-E184-4E65-8CF7-C31A42644871}.Release|x86.ActiveCfg = Release|Any CPU
		{5A547A3B-E184-4E65-8CF7-C31A42644871}.Release|x86.Build.0 = Release|Any CPU
		{59B4657D-1DC0-4721-83D7-D8F88BBDCB14}.Debug|Any CPU.ActiveCfg = Debug|Any CPU
		{59B4657D-1DC0-4721-83D7-D8F88BBDCB14}.Debug|Any CPU.Build.0 = Debug|Any CPU
		{59B4657D-1DC0-4721-83D7-D8F88BBDCB14}.Debug|arm64.ActiveCfg = Debug|Any CPU
		{59B4657D-1DC0-4721-83D7-D8F88BBDCB14}.Debug|arm64.Build.0 = Debug|Any CPU
		{59B4657D-1DC0-4721-83D7-D8F88BBDCB14}.Debug|x64.ActiveCfg = Debug|Any CPU
		{59B4657D-1DC0-4721-83D7-D8F88BBDCB14}.Debug|x64.Build.0 = Debug|Any CPU
		{59B4657D-1DC0-4721-83D7-D8F88BBDCB14}.Debug|x86.ActiveCfg = Debug|Any CPU
		{59B4657D-1DC0-4721-83D7-D8F88BBDCB14}.Debug|x86.Build.0 = Debug|Any CPU
		{59B4657D-1DC0-4721-83D7-D8F88BBDCB14}.Release|Any CPU.ActiveCfg = Release|Any CPU
		{59B4657D-1DC0-4721-83D7-D8F88BBDCB14}.Release|Any CPU.Build.0 = Release|Any CPU
		{59B4657D-1DC0-4721-83D7-D8F88BBDCB14}.Release|arm64.ActiveCfg = Release|Any CPU
		{59B4657D-1DC0-4721-83D7-D8F88BBDCB14}.Release|arm64.Build.0 = Release|Any CPU
		{59B4657D-1DC0-4721-83D7-D8F88BBDCB14}.Release|x64.ActiveCfg = Release|Any CPU
		{59B4657D-1DC0-4721-83D7-D8F88BBDCB14}.Release|x64.Build.0 = Release|Any CPU
		{59B4657D-1DC0-4721-83D7-D8F88BBDCB14}.Release|x86.ActiveCfg = Release|Any CPU
		{59B4657D-1DC0-4721-83D7-D8F88BBDCB14}.Release|x86.Build.0 = Release|Any CPU
		{35A3CF03-EC37-4DD8-A4E1-8D4CB2E22CFE}.Debug|Any CPU.ActiveCfg = Debug|Any CPU
		{35A3CF03-EC37-4DD8-A4E1-8D4CB2E22CFE}.Debug|Any CPU.Build.0 = Debug|Any CPU
		{35A3CF03-EC37-4DD8-A4E1-8D4CB2E22CFE}.Debug|arm64.ActiveCfg = Debug|Any CPU
		{35A3CF03-EC37-4DD8-A4E1-8D4CB2E22CFE}.Debug|arm64.Build.0 = Debug|Any CPU
		{35A3CF03-EC37-4DD8-A4E1-8D4CB2E22CFE}.Debug|x64.ActiveCfg = Debug|Any CPU
		{35A3CF03-EC37-4DD8-A4E1-8D4CB2E22CFE}.Debug|x64.Build.0 = Debug|Any CPU
		{35A3CF03-EC37-4DD8-A4E1-8D4CB2E22CFE}.Debug|x86.ActiveCfg = Debug|Any CPU
		{35A3CF03-EC37-4DD8-A4E1-8D4CB2E22CFE}.Debug|x86.Build.0 = Debug|Any CPU
		{35A3CF03-EC37-4DD8-A4E1-8D4CB2E22CFE}.Release|Any CPU.ActiveCfg = Release|Any CPU
		{35A3CF03-EC37-4DD8-A4E1-8D4CB2E22CFE}.Release|Any CPU.Build.0 = Release|Any CPU
		{35A3CF03-EC37-4DD8-A4E1-8D4CB2E22CFE}.Release|arm64.ActiveCfg = Release|Any CPU
		{35A3CF03-EC37-4DD8-A4E1-8D4CB2E22CFE}.Release|arm64.Build.0 = Release|Any CPU
		{35A3CF03-EC37-4DD8-A4E1-8D4CB2E22CFE}.Release|x64.ActiveCfg = Release|Any CPU
		{35A3CF03-EC37-4DD8-A4E1-8D4CB2E22CFE}.Release|x64.Build.0 = Release|Any CPU
		{35A3CF03-EC37-4DD8-A4E1-8D4CB2E22CFE}.Release|x86.ActiveCfg = Release|Any CPU
		{35A3CF03-EC37-4DD8-A4E1-8D4CB2E22CFE}.Release|x86.Build.0 = Release|Any CPU
		{6950321D-1529-4F60-9C1B-8F84740610EB}.Debug|Any CPU.ActiveCfg = Debug|Any CPU
		{6950321D-1529-4F60-9C1B-8F84740610EB}.Debug|Any CPU.Build.0 = Debug|Any CPU
		{6950321D-1529-4F60-9C1B-8F84740610EB}.Debug|arm64.ActiveCfg = Debug|Any CPU
		{6950321D-1529-4F60-9C1B-8F84740610EB}.Debug|arm64.Build.0 = Debug|Any CPU
		{6950321D-1529-4F60-9C1B-8F84740610EB}.Debug|x64.ActiveCfg = Debug|Any CPU
		{6950321D-1529-4F60-9C1B-8F84740610EB}.Debug|x64.Build.0 = Debug|Any CPU
		{6950321D-1529-4F60-9C1B-8F84740610EB}.Debug|x86.ActiveCfg = Debug|Any CPU
		{6950321D-1529-4F60-9C1B-8F84740610EB}.Debug|x86.Build.0 = Debug|Any CPU
		{6950321D-1529-4F60-9C1B-8F84740610EB}.Release|Any CPU.ActiveCfg = Release|Any CPU
		{6950321D-1529-4F60-9C1B-8F84740610EB}.Release|Any CPU.Build.0 = Release|Any CPU
		{6950321D-1529-4F60-9C1B-8F84740610EB}.Release|arm64.ActiveCfg = Release|Any CPU
		{6950321D-1529-4F60-9C1B-8F84740610EB}.Release|arm64.Build.0 = Release|Any CPU
		{6950321D-1529-4F60-9C1B-8F84740610EB}.Release|x64.ActiveCfg = Release|Any CPU
		{6950321D-1529-4F60-9C1B-8F84740610EB}.Release|x64.Build.0 = Release|Any CPU
		{6950321D-1529-4F60-9C1B-8F84740610EB}.Release|x86.ActiveCfg = Release|Any CPU
		{6950321D-1529-4F60-9C1B-8F84740610EB}.Release|x86.Build.0 = Release|Any CPU
		{22CEE37F-D379-4361-9EDD-F72E7EA1EB9F}.Debug|Any CPU.ActiveCfg = Debug|Any CPU
		{22CEE37F-D379-4361-9EDD-F72E7EA1EB9F}.Debug|Any CPU.Build.0 = Debug|Any CPU
		{22CEE37F-D379-4361-9EDD-F72E7EA1EB9F}.Debug|arm64.ActiveCfg = Debug|Any CPU
		{22CEE37F-D379-4361-9EDD-F72E7EA1EB9F}.Debug|arm64.Build.0 = Debug|Any CPU
		{22CEE37F-D379-4361-9EDD-F72E7EA1EB9F}.Debug|x64.ActiveCfg = Debug|Any CPU
		{22CEE37F-D379-4361-9EDD-F72E7EA1EB9F}.Debug|x64.Build.0 = Debug|Any CPU
		{22CEE37F-D379-4361-9EDD-F72E7EA1EB9F}.Debug|x86.ActiveCfg = Debug|Any CPU
		{22CEE37F-D379-4361-9EDD-F72E7EA1EB9F}.Debug|x86.Build.0 = Debug|Any CPU
		{22CEE37F-D379-4361-9EDD-F72E7EA1EB9F}.Release|Any CPU.ActiveCfg = Release|Any CPU
		{22CEE37F-D379-4361-9EDD-F72E7EA1EB9F}.Release|Any CPU.Build.0 = Release|Any CPU
		{22CEE37F-D379-4361-9EDD-F72E7EA1EB9F}.Release|arm64.ActiveCfg = Release|Any CPU
		{22CEE37F-D379-4361-9EDD-F72E7EA1EB9F}.Release|arm64.Build.0 = Release|Any CPU
		{22CEE37F-D379-4361-9EDD-F72E7EA1EB9F}.Release|x64.ActiveCfg = Release|Any CPU
		{22CEE37F-D379-4361-9EDD-F72E7EA1EB9F}.Release|x64.Build.0 = Release|Any CPU
		{22CEE37F-D379-4361-9EDD-F72E7EA1EB9F}.Release|x86.ActiveCfg = Release|Any CPU
		{22CEE37F-D379-4361-9EDD-F72E7EA1EB9F}.Release|x86.Build.0 = Release|Any CPU
		{916A6AD4-EF6D-48E5-A439-794ECAA9877A}.Debug|Any CPU.ActiveCfg = Debug|Any CPU
		{916A6AD4-EF6D-48E5-A439-794ECAA9877A}.Debug|Any CPU.Build.0 = Debug|Any CPU
		{916A6AD4-EF6D-48E5-A439-794ECAA9877A}.Debug|arm64.ActiveCfg = Debug|Any CPU
		{916A6AD4-EF6D-48E5-A439-794ECAA9877A}.Debug|arm64.Build.0 = Debug|Any CPU
		{916A6AD4-EF6D-48E5-A439-794ECAA9877A}.Debug|x64.ActiveCfg = Debug|Any CPU
		{916A6AD4-EF6D-48E5-A439-794ECAA9877A}.Debug|x64.Build.0 = Debug|Any CPU
		{916A6AD4-EF6D-48E5-A439-794ECAA9877A}.Debug|x86.ActiveCfg = Debug|Any CPU
		{916A6AD4-EF6D-48E5-A439-794ECAA9877A}.Debug|x86.Build.0 = Debug|Any CPU
		{916A6AD4-EF6D-48E5-A439-794ECAA9877A}.Release|Any CPU.ActiveCfg = Release|Any CPU
		{916A6AD4-EF6D-48E5-A439-794ECAA9877A}.Release|Any CPU.Build.0 = Release|Any CPU
		{916A6AD4-EF6D-48E5-A439-794ECAA9877A}.Release|arm64.ActiveCfg = Release|Any CPU
		{916A6AD4-EF6D-48E5-A439-794ECAA9877A}.Release|arm64.Build.0 = Release|Any CPU
		{916A6AD4-EF6D-48E5-A439-794ECAA9877A}.Release|x64.ActiveCfg = Release|Any CPU
		{916A6AD4-EF6D-48E5-A439-794ECAA9877A}.Release|x64.Build.0 = Release|Any CPU
		{916A6AD4-EF6D-48E5-A439-794ECAA9877A}.Release|x86.ActiveCfg = Release|Any CPU
		{916A6AD4-EF6D-48E5-A439-794ECAA9877A}.Release|x86.Build.0 = Release|Any CPU
		{875EE387-1D1F-4803-90E1-3C40F2FC6B17}.Debug|Any CPU.ActiveCfg = Debug|Any CPU
		{875EE387-1D1F-4803-90E1-3C40F2FC6B17}.Debug|Any CPU.Build.0 = Debug|Any CPU
		{875EE387-1D1F-4803-90E1-3C40F2FC6B17}.Debug|arm64.ActiveCfg = Debug|Any CPU
		{875EE387-1D1F-4803-90E1-3C40F2FC6B17}.Debug|arm64.Build.0 = Debug|Any CPU
		{875EE387-1D1F-4803-90E1-3C40F2FC6B17}.Debug|x64.ActiveCfg = Debug|Any CPU
		{875EE387-1D1F-4803-90E1-3C40F2FC6B17}.Debug|x64.Build.0 = Debug|Any CPU
		{875EE387-1D1F-4803-90E1-3C40F2FC6B17}.Debug|x86.ActiveCfg = Debug|Any CPU
		{875EE387-1D1F-4803-90E1-3C40F2FC6B17}.Debug|x86.Build.0 = Debug|Any CPU
		{875EE387-1D1F-4803-90E1-3C40F2FC6B17}.Release|Any CPU.ActiveCfg = Release|Any CPU
		{875EE387-1D1F-4803-90E1-3C40F2FC6B17}.Release|Any CPU.Build.0 = Release|Any CPU
		{875EE387-1D1F-4803-90E1-3C40F2FC6B17}.Release|arm64.ActiveCfg = Release|Any CPU
		{875EE387-1D1F-4803-90E1-3C40F2FC6B17}.Release|arm64.Build.0 = Release|Any CPU
		{875EE387-1D1F-4803-90E1-3C40F2FC6B17}.Release|x64.ActiveCfg = Release|Any CPU
		{875EE387-1D1F-4803-90E1-3C40F2FC6B17}.Release|x64.Build.0 = Release|Any CPU
		{875EE387-1D1F-4803-90E1-3C40F2FC6B17}.Release|x86.ActiveCfg = Release|Any CPU
		{875EE387-1D1F-4803-90E1-3C40F2FC6B17}.Release|x86.Build.0 = Release|Any CPU
		{136265FA-4F9C-4AB4-BACD-EFA82CD2F4C0}.Debug|Any CPU.ActiveCfg = Debug|Any CPU
		{136265FA-4F9C-4AB4-BACD-EFA82CD2F4C0}.Debug|Any CPU.Build.0 = Debug|Any CPU
		{136265FA-4F9C-4AB4-BACD-EFA82CD2F4C0}.Debug|arm64.ActiveCfg = Debug|Any CPU
		{136265FA-4F9C-4AB4-BACD-EFA82CD2F4C0}.Debug|arm64.Build.0 = Debug|Any CPU
		{136265FA-4F9C-4AB4-BACD-EFA82CD2F4C0}.Debug|x64.ActiveCfg = Debug|Any CPU
		{136265FA-4F9C-4AB4-BACD-EFA82CD2F4C0}.Debug|x64.Build.0 = Debug|Any CPU
		{136265FA-4F9C-4AB4-BACD-EFA82CD2F4C0}.Debug|x86.ActiveCfg = Debug|Any CPU
		{136265FA-4F9C-4AB4-BACD-EFA82CD2F4C0}.Debug|x86.Build.0 = Debug|Any CPU
		{136265FA-4F9C-4AB4-BACD-EFA82CD2F4C0}.Release|Any CPU.ActiveCfg = Release|Any CPU
		{136265FA-4F9C-4AB4-BACD-EFA82CD2F4C0}.Release|Any CPU.Build.0 = Release|Any CPU
		{136265FA-4F9C-4AB4-BACD-EFA82CD2F4C0}.Release|arm64.ActiveCfg = Release|Any CPU
		{136265FA-4F9C-4AB4-BACD-EFA82CD2F4C0}.Release|arm64.Build.0 = Release|Any CPU
		{136265FA-4F9C-4AB4-BACD-EFA82CD2F4C0}.Release|x64.ActiveCfg = Release|Any CPU
		{136265FA-4F9C-4AB4-BACD-EFA82CD2F4C0}.Release|x64.Build.0 = Release|Any CPU
		{136265FA-4F9C-4AB4-BACD-EFA82CD2F4C0}.Release|x86.ActiveCfg = Release|Any CPU
		{136265FA-4F9C-4AB4-BACD-EFA82CD2F4C0}.Release|x86.Build.0 = Release|Any CPU
		{87D8B7D1-E2DB-4AF7-B409-AEE0597F3314}.Debug|Any CPU.ActiveCfg = Debug|Any CPU
		{87D8B7D1-E2DB-4AF7-B409-AEE0597F3314}.Debug|Any CPU.Build.0 = Debug|Any CPU
		{87D8B7D1-E2DB-4AF7-B409-AEE0597F3314}.Debug|arm64.ActiveCfg = Debug|Any CPU
		{87D8B7D1-E2DB-4AF7-B409-AEE0597F3314}.Debug|arm64.Build.0 = Debug|Any CPU
		{87D8B7D1-E2DB-4AF7-B409-AEE0597F3314}.Debug|x64.ActiveCfg = Debug|Any CPU
		{87D8B7D1-E2DB-4AF7-B409-AEE0597F3314}.Debug|x64.Build.0 = Debug|Any CPU
		{87D8B7D1-E2DB-4AF7-B409-AEE0597F3314}.Debug|x86.ActiveCfg = Debug|Any CPU
		{87D8B7D1-E2DB-4AF7-B409-AEE0597F3314}.Debug|x86.Build.0 = Debug|Any CPU
		{87D8B7D1-E2DB-4AF7-B409-AEE0597F3314}.Release|Any CPU.ActiveCfg = Release|Any CPU
		{87D8B7D1-E2DB-4AF7-B409-AEE0597F3314}.Release|Any CPU.Build.0 = Release|Any CPU
		{87D8B7D1-E2DB-4AF7-B409-AEE0597F3314}.Release|arm64.ActiveCfg = Release|Any CPU
		{87D8B7D1-E2DB-4AF7-B409-AEE0597F3314}.Release|arm64.Build.0 = Release|Any CPU
		{87D8B7D1-E2DB-4AF7-B409-AEE0597F3314}.Release|x64.ActiveCfg = Release|Any CPU
		{87D8B7D1-E2DB-4AF7-B409-AEE0597F3314}.Release|x64.Build.0 = Release|Any CPU
		{87D8B7D1-E2DB-4AF7-B409-AEE0597F3314}.Release|x86.ActiveCfg = Release|Any CPU
		{87D8B7D1-E2DB-4AF7-B409-AEE0597F3314}.Release|x86.Build.0 = Release|Any CPU
		{47D93FDF-E950-4AAD-AFF9-144AC6ACD6D5}.Debug|Any CPU.ActiveCfg = Debug|Any CPU
		{47D93FDF-E950-4AAD-AFF9-144AC6ACD6D5}.Debug|Any CPU.Build.0 = Debug|Any CPU
		{47D93FDF-E950-4AAD-AFF9-144AC6ACD6D5}.Debug|arm64.ActiveCfg = Debug|Any CPU
		{47D93FDF-E950-4AAD-AFF9-144AC6ACD6D5}.Debug|arm64.Build.0 = Debug|Any CPU
		{47D93FDF-E950-4AAD-AFF9-144AC6ACD6D5}.Debug|x64.ActiveCfg = Debug|Any CPU
		{47D93FDF-E950-4AAD-AFF9-144AC6ACD6D5}.Debug|x64.Build.0 = Debug|Any CPU
		{47D93FDF-E950-4AAD-AFF9-144AC6ACD6D5}.Debug|x86.ActiveCfg = Debug|Any CPU
		{47D93FDF-E950-4AAD-AFF9-144AC6ACD6D5}.Debug|x86.Build.0 = Debug|Any CPU
		{47D93FDF-E950-4AAD-AFF9-144AC6ACD6D5}.Release|Any CPU.ActiveCfg = Release|Any CPU
		{47D93FDF-E950-4AAD-AFF9-144AC6ACD6D5}.Release|Any CPU.Build.0 = Release|Any CPU
		{47D93FDF-E950-4AAD-AFF9-144AC6ACD6D5}.Release|arm64.ActiveCfg = Release|Any CPU
		{47D93FDF-E950-4AAD-AFF9-144AC6ACD6D5}.Release|arm64.Build.0 = Release|Any CPU
		{47D93FDF-E950-4AAD-AFF9-144AC6ACD6D5}.Release|x64.ActiveCfg = Release|Any CPU
		{47D93FDF-E950-4AAD-AFF9-144AC6ACD6D5}.Release|x64.Build.0 = Release|Any CPU
		{47D93FDF-E950-4AAD-AFF9-144AC6ACD6D5}.Release|x86.ActiveCfg = Release|Any CPU
		{47D93FDF-E950-4AAD-AFF9-144AC6ACD6D5}.Release|x86.Build.0 = Release|Any CPU
		{FBCBD300-DBD8-4028-AC75-F114872096AD}.Debug|Any CPU.ActiveCfg = Debug|Any CPU
		{FBCBD300-DBD8-4028-AC75-F114872096AD}.Debug|Any CPU.Build.0 = Debug|Any CPU
		{FBCBD300-DBD8-4028-AC75-F114872096AD}.Debug|arm64.ActiveCfg = Debug|Any CPU
		{FBCBD300-DBD8-4028-AC75-F114872096AD}.Debug|arm64.Build.0 = Debug|Any CPU
		{FBCBD300-DBD8-4028-AC75-F114872096AD}.Debug|x64.ActiveCfg = Debug|Any CPU
		{FBCBD300-DBD8-4028-AC75-F114872096AD}.Debug|x64.Build.0 = Debug|Any CPU
		{FBCBD300-DBD8-4028-AC75-F114872096AD}.Debug|x86.ActiveCfg = Debug|Any CPU
		{FBCBD300-DBD8-4028-AC75-F114872096AD}.Debug|x86.Build.0 = Debug|Any CPU
		{FBCBD300-DBD8-4028-AC75-F114872096AD}.Release|Any CPU.ActiveCfg = Release|Any CPU
		{FBCBD300-DBD8-4028-AC75-F114872096AD}.Release|Any CPU.Build.0 = Release|Any CPU
		{FBCBD300-DBD8-4028-AC75-F114872096AD}.Release|arm64.ActiveCfg = Release|Any CPU
		{FBCBD300-DBD8-4028-AC75-F114872096AD}.Release|arm64.Build.0 = Release|Any CPU
		{FBCBD300-DBD8-4028-AC75-F114872096AD}.Release|x64.ActiveCfg = Release|Any CPU
		{FBCBD300-DBD8-4028-AC75-F114872096AD}.Release|x64.Build.0 = Release|Any CPU
		{FBCBD300-DBD8-4028-AC75-F114872096AD}.Release|x86.ActiveCfg = Release|Any CPU
		{FBCBD300-DBD8-4028-AC75-F114872096AD}.Release|x86.Build.0 = Release|Any CPU
		{45C88D1E-E320-444B-8949-792B72349077}.Debug|Any CPU.ActiveCfg = Debug|Any CPU
		{45C88D1E-E320-444B-8949-792B72349077}.Debug|Any CPU.Build.0 = Debug|Any CPU
		{45C88D1E-E320-444B-8949-792B72349077}.Debug|arm64.ActiveCfg = Debug|Any CPU
		{45C88D1E-E320-444B-8949-792B72349077}.Debug|arm64.Build.0 = Debug|Any CPU
		{45C88D1E-E320-444B-8949-792B72349077}.Debug|x64.ActiveCfg = Debug|Any CPU
		{45C88D1E-E320-444B-8949-792B72349077}.Debug|x64.Build.0 = Debug|Any CPU
		{45C88D1E-E320-444B-8949-792B72349077}.Debug|x86.ActiveCfg = Debug|Any CPU
		{45C88D1E-E320-444B-8949-792B72349077}.Debug|x86.Build.0 = Debug|Any CPU
		{45C88D1E-E320-444B-8949-792B72349077}.Release|Any CPU.ActiveCfg = Release|Any CPU
		{45C88D1E-E320-444B-8949-792B72349077}.Release|Any CPU.Build.0 = Release|Any CPU
		{45C88D1E-E320-444B-8949-792B72349077}.Release|arm64.ActiveCfg = Release|Any CPU
		{45C88D1E-E320-444B-8949-792B72349077}.Release|arm64.Build.0 = Release|Any CPU
		{45C88D1E-E320-444B-8949-792B72349077}.Release|x64.ActiveCfg = Release|Any CPU
		{45C88D1E-E320-444B-8949-792B72349077}.Release|x64.Build.0 = Release|Any CPU
		{45C88D1E-E320-444B-8949-792B72349077}.Release|x86.ActiveCfg = Release|Any CPU
		{45C88D1E-E320-444B-8949-792B72349077}.Release|x86.Build.0 = Release|Any CPU
		{D77F564E-7399-4839-9ED8-0FCF313AA2C6}.Debug|Any CPU.ActiveCfg = Debug|Any CPU
		{D77F564E-7399-4839-9ED8-0FCF313AA2C6}.Debug|Any CPU.Build.0 = Debug|Any CPU
		{D77F564E-7399-4839-9ED8-0FCF313AA2C6}.Debug|arm64.ActiveCfg = Debug|Any CPU
		{D77F564E-7399-4839-9ED8-0FCF313AA2C6}.Debug|arm64.Build.0 = Debug|Any CPU
		{D77F564E-7399-4839-9ED8-0FCF313AA2C6}.Debug|x64.ActiveCfg = Debug|Any CPU
		{D77F564E-7399-4839-9ED8-0FCF313AA2C6}.Debug|x64.Build.0 = Debug|Any CPU
		{D77F564E-7399-4839-9ED8-0FCF313AA2C6}.Debug|x86.ActiveCfg = Debug|Any CPU
		{D77F564E-7399-4839-9ED8-0FCF313AA2C6}.Debug|x86.Build.0 = Debug|Any CPU
		{D77F564E-7399-4839-9ED8-0FCF313AA2C6}.Release|Any CPU.ActiveCfg = Release|Any CPU
		{D77F564E-7399-4839-9ED8-0FCF313AA2C6}.Release|Any CPU.Build.0 = Release|Any CPU
		{D77F564E-7399-4839-9ED8-0FCF313AA2C6}.Release|arm64.ActiveCfg = Release|Any CPU
		{D77F564E-7399-4839-9ED8-0FCF313AA2C6}.Release|arm64.Build.0 = Release|Any CPU
		{D77F564E-7399-4839-9ED8-0FCF313AA2C6}.Release|x64.ActiveCfg = Release|Any CPU
		{D77F564E-7399-4839-9ED8-0FCF313AA2C6}.Release|x64.Build.0 = Release|Any CPU
		{D77F564E-7399-4839-9ED8-0FCF313AA2C6}.Release|x86.ActiveCfg = Release|Any CPU
		{D77F564E-7399-4839-9ED8-0FCF313AA2C6}.Release|x86.Build.0 = Release|Any CPU
		{A2A5C606-167C-4FC2-87A8-2D67590B283B}.Debug|Any CPU.ActiveCfg = Debug|Any CPU
		{A2A5C606-167C-4FC2-87A8-2D67590B283B}.Debug|Any CPU.Build.0 = Debug|Any CPU
		{A2A5C606-167C-4FC2-87A8-2D67590B283B}.Debug|arm64.ActiveCfg = Debug|Any CPU
		{A2A5C606-167C-4FC2-87A8-2D67590B283B}.Debug|arm64.Build.0 = Debug|Any CPU
		{A2A5C606-167C-4FC2-87A8-2D67590B283B}.Debug|x64.ActiveCfg = Debug|Any CPU
		{A2A5C606-167C-4FC2-87A8-2D67590B283B}.Debug|x64.Build.0 = Debug|Any CPU
		{A2A5C606-167C-4FC2-87A8-2D67590B283B}.Debug|x86.ActiveCfg = Debug|x86
		{A2A5C606-167C-4FC2-87A8-2D67590B283B}.Debug|x86.Build.0 = Debug|x86
		{A2A5C606-167C-4FC2-87A8-2D67590B283B}.Release|Any CPU.ActiveCfg = Release|Any CPU
		{A2A5C606-167C-4FC2-87A8-2D67590B283B}.Release|Any CPU.Build.0 = Release|Any CPU
		{A2A5C606-167C-4FC2-87A8-2D67590B283B}.Release|arm64.ActiveCfg = Release|Any CPU
		{A2A5C606-167C-4FC2-87A8-2D67590B283B}.Release|arm64.Build.0 = Release|Any CPU
		{A2A5C606-167C-4FC2-87A8-2D67590B283B}.Release|x64.ActiveCfg = Release|Any CPU
		{A2A5C606-167C-4FC2-87A8-2D67590B283B}.Release|x64.Build.0 = Release|Any CPU
		{A2A5C606-167C-4FC2-87A8-2D67590B283B}.Release|x86.ActiveCfg = Release|x86
		{A2A5C606-167C-4FC2-87A8-2D67590B283B}.Release|x86.Build.0 = Release|x86
		{BB7CC73D-305D-4BC2-99B9-EE156561E1D5}.Debug|Any CPU.ActiveCfg = Debug|Any CPU
		{BB7CC73D-305D-4BC2-99B9-EE156561E1D5}.Debug|Any CPU.Build.0 = Debug|Any CPU
		{BB7CC73D-305D-4BC2-99B9-EE156561E1D5}.Debug|arm64.ActiveCfg = Debug|Any CPU
		{BB7CC73D-305D-4BC2-99B9-EE156561E1D5}.Debug|arm64.Build.0 = Debug|Any CPU
		{BB7CC73D-305D-4BC2-99B9-EE156561E1D5}.Debug|x64.ActiveCfg = Debug|Any CPU
		{BB7CC73D-305D-4BC2-99B9-EE156561E1D5}.Debug|x64.Build.0 = Debug|Any CPU
		{BB7CC73D-305D-4BC2-99B9-EE156561E1D5}.Debug|x86.ActiveCfg = Debug|Any CPU
		{BB7CC73D-305D-4BC2-99B9-EE156561E1D5}.Debug|x86.Build.0 = Debug|Any CPU
		{BB7CC73D-305D-4BC2-99B9-EE156561E1D5}.Release|Any CPU.ActiveCfg = Release|Any CPU
		{BB7CC73D-305D-4BC2-99B9-EE156561E1D5}.Release|Any CPU.Build.0 = Release|Any CPU
		{BB7CC73D-305D-4BC2-99B9-EE156561E1D5}.Release|arm64.ActiveCfg = Release|Any CPU
		{BB7CC73D-305D-4BC2-99B9-EE156561E1D5}.Release|arm64.Build.0 = Release|Any CPU
		{BB7CC73D-305D-4BC2-99B9-EE156561E1D5}.Release|x64.ActiveCfg = Release|Any CPU
		{BB7CC73D-305D-4BC2-99B9-EE156561E1D5}.Release|x64.Build.0 = Release|Any CPU
		{BB7CC73D-305D-4BC2-99B9-EE156561E1D5}.Release|x86.ActiveCfg = Release|Any CPU
		{BB7CC73D-305D-4BC2-99B9-EE156561E1D5}.Release|x86.Build.0 = Release|Any CPU
		{34BE7F47-472B-4A12-9A90-2997A8D96179}.Debug|Any CPU.ActiveCfg = Debug|Any CPU
		{34BE7F47-472B-4A12-9A90-2997A8D96179}.Debug|Any CPU.Build.0 = Debug|Any CPU
		{34BE7F47-472B-4A12-9A90-2997A8D96179}.Debug|arm64.ActiveCfg = Debug|Any CPU
		{34BE7F47-472B-4A12-9A90-2997A8D96179}.Debug|arm64.Build.0 = Debug|Any CPU
		{34BE7F47-472B-4A12-9A90-2997A8D96179}.Debug|x64.ActiveCfg = Debug|Any CPU
		{34BE7F47-472B-4A12-9A90-2997A8D96179}.Debug|x64.Build.0 = Debug|Any CPU
		{34BE7F47-472B-4A12-9A90-2997A8D96179}.Debug|x86.ActiveCfg = Debug|Any CPU
		{34BE7F47-472B-4A12-9A90-2997A8D96179}.Debug|x86.Build.0 = Debug|Any CPU
		{34BE7F47-472B-4A12-9A90-2997A8D96179}.Release|Any CPU.ActiveCfg = Release|Any CPU
		{34BE7F47-472B-4A12-9A90-2997A8D96179}.Release|Any CPU.Build.0 = Release|Any CPU
		{34BE7F47-472B-4A12-9A90-2997A8D96179}.Release|arm64.ActiveCfg = Release|Any CPU
		{34BE7F47-472B-4A12-9A90-2997A8D96179}.Release|arm64.Build.0 = Release|Any CPU
		{34BE7F47-472B-4A12-9A90-2997A8D96179}.Release|x64.ActiveCfg = Release|Any CPU
		{34BE7F47-472B-4A12-9A90-2997A8D96179}.Release|x64.Build.0 = Release|Any CPU
		{34BE7F47-472B-4A12-9A90-2997A8D96179}.Release|x86.ActiveCfg = Release|Any CPU
		{34BE7F47-472B-4A12-9A90-2997A8D96179}.Release|x86.Build.0 = Release|Any CPU
		{8D729629-A1B2-4ACD-9C1D-862920B20BFA}.Debug|Any CPU.ActiveCfg = Debug|Any CPU
		{8D729629-A1B2-4ACD-9C1D-862920B20BFA}.Debug|Any CPU.Build.0 = Debug|Any CPU
		{8D729629-A1B2-4ACD-9C1D-862920B20BFA}.Debug|arm64.ActiveCfg = Debug|Any CPU
		{8D729629-A1B2-4ACD-9C1D-862920B20BFA}.Debug|arm64.Build.0 = Debug|Any CPU
		{8D729629-A1B2-4ACD-9C1D-862920B20BFA}.Debug|x64.ActiveCfg = Debug|Any CPU
		{8D729629-A1B2-4ACD-9C1D-862920B20BFA}.Debug|x64.Build.0 = Debug|Any CPU
		{8D729629-A1B2-4ACD-9C1D-862920B20BFA}.Debug|x86.ActiveCfg = Debug|Any CPU
		{8D729629-A1B2-4ACD-9C1D-862920B20BFA}.Debug|x86.Build.0 = Debug|Any CPU
		{8D729629-A1B2-4ACD-9C1D-862920B20BFA}.Release|Any CPU.ActiveCfg = Release|Any CPU
		{8D729629-A1B2-4ACD-9C1D-862920B20BFA}.Release|Any CPU.Build.0 = Release|Any CPU
		{8D729629-A1B2-4ACD-9C1D-862920B20BFA}.Release|arm64.ActiveCfg = Release|Any CPU
		{8D729629-A1B2-4ACD-9C1D-862920B20BFA}.Release|arm64.Build.0 = Release|Any CPU
		{8D729629-A1B2-4ACD-9C1D-862920B20BFA}.Release|x64.ActiveCfg = Release|Any CPU
		{8D729629-A1B2-4ACD-9C1D-862920B20BFA}.Release|x64.Build.0 = Release|Any CPU
		{8D729629-A1B2-4ACD-9C1D-862920B20BFA}.Release|x86.ActiveCfg = Release|Any CPU
		{8D729629-A1B2-4ACD-9C1D-862920B20BFA}.Release|x86.Build.0 = Release|Any CPU
		{AE505779-C8D6-4091-9165-D1DEB81D863B}.Debug|Any CPU.ActiveCfg = Debug|Any CPU
		{AE505779-C8D6-4091-9165-D1DEB81D863B}.Debug|Any CPU.Build.0 = Debug|Any CPU
		{AE505779-C8D6-4091-9165-D1DEB81D863B}.Debug|arm64.ActiveCfg = Debug|Any CPU
		{AE505779-C8D6-4091-9165-D1DEB81D863B}.Debug|arm64.Build.0 = Debug|Any CPU
		{AE505779-C8D6-4091-9165-D1DEB81D863B}.Debug|x64.ActiveCfg = Debug|Any CPU
		{AE505779-C8D6-4091-9165-D1DEB81D863B}.Debug|x64.Build.0 = Debug|Any CPU
		{AE505779-C8D6-4091-9165-D1DEB81D863B}.Debug|x86.ActiveCfg = Debug|Any CPU
		{AE505779-C8D6-4091-9165-D1DEB81D863B}.Debug|x86.Build.0 = Debug|Any CPU
		{AE505779-C8D6-4091-9165-D1DEB81D863B}.Release|Any CPU.ActiveCfg = Release|Any CPU
		{AE505779-C8D6-4091-9165-D1DEB81D863B}.Release|Any CPU.Build.0 = Release|Any CPU
		{AE505779-C8D6-4091-9165-D1DEB81D863B}.Release|arm64.ActiveCfg = Release|Any CPU
		{AE505779-C8D6-4091-9165-D1DEB81D863B}.Release|arm64.Build.0 = Release|Any CPU
		{AE505779-C8D6-4091-9165-D1DEB81D863B}.Release|x64.ActiveCfg = Release|Any CPU
		{AE505779-C8D6-4091-9165-D1DEB81D863B}.Release|x64.Build.0 = Release|Any CPU
		{AE505779-C8D6-4091-9165-D1DEB81D863B}.Release|x86.ActiveCfg = Release|Any CPU
		{AE505779-C8D6-4091-9165-D1DEB81D863B}.Release|x86.Build.0 = Release|Any CPU
		{719F0F51-4B2A-4D21-BE6D-575077865AD3}.Debug|Any CPU.ActiveCfg = Debug|Any CPU
		{719F0F51-4B2A-4D21-BE6D-575077865AD3}.Debug|Any CPU.Build.0 = Debug|Any CPU
		{719F0F51-4B2A-4D21-BE6D-575077865AD3}.Debug|arm64.ActiveCfg = Debug|Any CPU
		{719F0F51-4B2A-4D21-BE6D-575077865AD3}.Debug|arm64.Build.0 = Debug|Any CPU
		{719F0F51-4B2A-4D21-BE6D-575077865AD3}.Debug|x64.ActiveCfg = Debug|Any CPU
		{719F0F51-4B2A-4D21-BE6D-575077865AD3}.Debug|x64.Build.0 = Debug|Any CPU
		{719F0F51-4B2A-4D21-BE6D-575077865AD3}.Debug|x86.ActiveCfg = Debug|Any CPU
		{719F0F51-4B2A-4D21-BE6D-575077865AD3}.Debug|x86.Build.0 = Debug|Any CPU
		{719F0F51-4B2A-4D21-BE6D-575077865AD3}.Release|Any CPU.ActiveCfg = Release|Any CPU
		{719F0F51-4B2A-4D21-BE6D-575077865AD3}.Release|Any CPU.Build.0 = Release|Any CPU
		{719F0F51-4B2A-4D21-BE6D-575077865AD3}.Release|arm64.ActiveCfg = Release|Any CPU
		{719F0F51-4B2A-4D21-BE6D-575077865AD3}.Release|arm64.Build.0 = Release|Any CPU
		{719F0F51-4B2A-4D21-BE6D-575077865AD3}.Release|x64.ActiveCfg = Release|Any CPU
		{719F0F51-4B2A-4D21-BE6D-575077865AD3}.Release|x64.Build.0 = Release|Any CPU
		{719F0F51-4B2A-4D21-BE6D-575077865AD3}.Release|x86.ActiveCfg = Release|Any CPU
		{719F0F51-4B2A-4D21-BE6D-575077865AD3}.Release|x86.Build.0 = Release|Any CPU
		{A65FC62A-D57D-4D96-8C70-96C3E74FAD7E}.Debug|Any CPU.ActiveCfg = Debug|Any CPU
		{A65FC62A-D57D-4D96-8C70-96C3E74FAD7E}.Debug|Any CPU.Build.0 = Debug|Any CPU
		{A65FC62A-D57D-4D96-8C70-96C3E74FAD7E}.Debug|arm64.ActiveCfg = Debug|Any CPU
		{A65FC62A-D57D-4D96-8C70-96C3E74FAD7E}.Debug|arm64.Build.0 = Debug|Any CPU
		{A65FC62A-D57D-4D96-8C70-96C3E74FAD7E}.Debug|x64.ActiveCfg = Debug|Any CPU
		{A65FC62A-D57D-4D96-8C70-96C3E74FAD7E}.Debug|x64.Build.0 = Debug|Any CPU
		{A65FC62A-D57D-4D96-8C70-96C3E74FAD7E}.Debug|x86.ActiveCfg = Debug|Any CPU
		{A65FC62A-D57D-4D96-8C70-96C3E74FAD7E}.Debug|x86.Build.0 = Debug|Any CPU
		{A65FC62A-D57D-4D96-8C70-96C3E74FAD7E}.Release|Any CPU.ActiveCfg = Release|Any CPU
		{A65FC62A-D57D-4D96-8C70-96C3E74FAD7E}.Release|Any CPU.Build.0 = Release|Any CPU
		{A65FC62A-D57D-4D96-8C70-96C3E74FAD7E}.Release|arm64.ActiveCfg = Release|Any CPU
		{A65FC62A-D57D-4D96-8C70-96C3E74FAD7E}.Release|arm64.Build.0 = Release|Any CPU
		{A65FC62A-D57D-4D96-8C70-96C3E74FAD7E}.Release|x64.ActiveCfg = Release|Any CPU
		{A65FC62A-D57D-4D96-8C70-96C3E74FAD7E}.Release|x64.Build.0 = Release|Any CPU
		{A65FC62A-D57D-4D96-8C70-96C3E74FAD7E}.Release|x86.ActiveCfg = Release|Any CPU
		{A65FC62A-D57D-4D96-8C70-96C3E74FAD7E}.Release|x86.Build.0 = Release|Any CPU
		{14C9FC0D-02E3-415E-A262-1EADBD90BCCB}.Debug|Any CPU.ActiveCfg = Debug|Any CPU
		{14C9FC0D-02E3-415E-A262-1EADBD90BCCB}.Debug|Any CPU.Build.0 = Debug|Any CPU
		{14C9FC0D-02E3-415E-A262-1EADBD90BCCB}.Debug|arm64.ActiveCfg = Debug|Any CPU
		{14C9FC0D-02E3-415E-A262-1EADBD90BCCB}.Debug|arm64.Build.0 = Debug|Any CPU
		{14C9FC0D-02E3-415E-A262-1EADBD90BCCB}.Debug|x64.ActiveCfg = Debug|Any CPU
		{14C9FC0D-02E3-415E-A262-1EADBD90BCCB}.Debug|x64.Build.0 = Debug|Any CPU
		{14C9FC0D-02E3-415E-A262-1EADBD90BCCB}.Debug|x86.ActiveCfg = Debug|Any CPU
		{14C9FC0D-02E3-415E-A262-1EADBD90BCCB}.Debug|x86.Build.0 = Debug|Any CPU
		{14C9FC0D-02E3-415E-A262-1EADBD90BCCB}.Release|Any CPU.ActiveCfg = Release|Any CPU
		{14C9FC0D-02E3-415E-A262-1EADBD90BCCB}.Release|Any CPU.Build.0 = Release|Any CPU
		{14C9FC0D-02E3-415E-A262-1EADBD90BCCB}.Release|arm64.ActiveCfg = Release|Any CPU
		{14C9FC0D-02E3-415E-A262-1EADBD90BCCB}.Release|arm64.Build.0 = Release|Any CPU
		{14C9FC0D-02E3-415E-A262-1EADBD90BCCB}.Release|x64.ActiveCfg = Release|Any CPU
		{14C9FC0D-02E3-415E-A262-1EADBD90BCCB}.Release|x64.Build.0 = Release|Any CPU
		{14C9FC0D-02E3-415E-A262-1EADBD90BCCB}.Release|x86.ActiveCfg = Release|Any CPU
		{14C9FC0D-02E3-415E-A262-1EADBD90BCCB}.Release|x86.Build.0 = Release|Any CPU
		{F26CBF3C-E000-4756-B0E5-0AE39E1FDC79}.Debug|Any CPU.ActiveCfg = Debug|Any CPU
		{F26CBF3C-E000-4756-B0E5-0AE39E1FDC79}.Debug|Any CPU.Build.0 = Debug|Any CPU
		{F26CBF3C-E000-4756-B0E5-0AE39E1FDC79}.Debug|arm64.ActiveCfg = Debug|Any CPU
		{F26CBF3C-E000-4756-B0E5-0AE39E1FDC79}.Debug|arm64.Build.0 = Debug|Any CPU
		{F26CBF3C-E000-4756-B0E5-0AE39E1FDC79}.Debug|x64.ActiveCfg = Debug|Any CPU
		{F26CBF3C-E000-4756-B0E5-0AE39E1FDC79}.Debug|x64.Build.0 = Debug|Any CPU
		{F26CBF3C-E000-4756-B0E5-0AE39E1FDC79}.Debug|x86.ActiveCfg = Debug|Any CPU
		{F26CBF3C-E000-4756-B0E5-0AE39E1FDC79}.Debug|x86.Build.0 = Debug|Any CPU
		{F26CBF3C-E000-4756-B0E5-0AE39E1FDC79}.Release|Any CPU.ActiveCfg = Release|Any CPU
		{F26CBF3C-E000-4756-B0E5-0AE39E1FDC79}.Release|Any CPU.Build.0 = Release|Any CPU
		{F26CBF3C-E000-4756-B0E5-0AE39E1FDC79}.Release|arm64.ActiveCfg = Release|Any CPU
		{F26CBF3C-E000-4756-B0E5-0AE39E1FDC79}.Release|arm64.Build.0 = Release|Any CPU
		{F26CBF3C-E000-4756-B0E5-0AE39E1FDC79}.Release|x64.ActiveCfg = Release|Any CPU
		{F26CBF3C-E000-4756-B0E5-0AE39E1FDC79}.Release|x64.Build.0 = Release|Any CPU
		{F26CBF3C-E000-4756-B0E5-0AE39E1FDC79}.Release|x86.ActiveCfg = Release|Any CPU
		{F26CBF3C-E000-4756-B0E5-0AE39E1FDC79}.Release|x86.Build.0 = Release|Any CPU
		{5CCC5F83-BB0D-4EA3-938E-E6AB9C147AAB}.Debug|Any CPU.ActiveCfg = Debug|Any CPU
		{5CCC5F83-BB0D-4EA3-938E-E6AB9C147AAB}.Debug|Any CPU.Build.0 = Debug|Any CPU
		{5CCC5F83-BB0D-4EA3-938E-E6AB9C147AAB}.Debug|arm64.ActiveCfg = Debug|Any CPU
		{5CCC5F83-BB0D-4EA3-938E-E6AB9C147AAB}.Debug|arm64.Build.0 = Debug|Any CPU
		{5CCC5F83-BB0D-4EA3-938E-E6AB9C147AAB}.Debug|x64.ActiveCfg = Debug|Any CPU
		{5CCC5F83-BB0D-4EA3-938E-E6AB9C147AAB}.Debug|x64.Build.0 = Debug|Any CPU
		{5CCC5F83-BB0D-4EA3-938E-E6AB9C147AAB}.Debug|x86.ActiveCfg = Debug|Any CPU
		{5CCC5F83-BB0D-4EA3-938E-E6AB9C147AAB}.Debug|x86.Build.0 = Debug|Any CPU
		{5CCC5F83-BB0D-4EA3-938E-E6AB9C147AAB}.Release|Any CPU.ActiveCfg = Release|Any CPU
		{5CCC5F83-BB0D-4EA3-938E-E6AB9C147AAB}.Release|Any CPU.Build.0 = Release|Any CPU
		{5CCC5F83-BB0D-4EA3-938E-E6AB9C147AAB}.Release|arm64.ActiveCfg = Release|Any CPU
		{5CCC5F83-BB0D-4EA3-938E-E6AB9C147AAB}.Release|arm64.Build.0 = Release|Any CPU
		{5CCC5F83-BB0D-4EA3-938E-E6AB9C147AAB}.Release|x64.ActiveCfg = Release|Any CPU
		{5CCC5F83-BB0D-4EA3-938E-E6AB9C147AAB}.Release|x64.Build.0 = Release|Any CPU
		{5CCC5F83-BB0D-4EA3-938E-E6AB9C147AAB}.Release|x86.ActiveCfg = Release|Any CPU
		{5CCC5F83-BB0D-4EA3-938E-E6AB9C147AAB}.Release|x86.Build.0 = Release|Any CPU
		{D44AE578-1C5D-415A-AB89-2CD6822DF4BF}.Debug|Any CPU.ActiveCfg = Debug|Any CPU
		{D44AE578-1C5D-415A-AB89-2CD6822DF4BF}.Debug|Any CPU.Build.0 = Debug|Any CPU
		{D44AE578-1C5D-415A-AB89-2CD6822DF4BF}.Debug|arm64.ActiveCfg = Debug|Any CPU
		{D44AE578-1C5D-415A-AB89-2CD6822DF4BF}.Debug|arm64.Build.0 = Debug|Any CPU
		{D44AE578-1C5D-415A-AB89-2CD6822DF4BF}.Debug|x64.ActiveCfg = Debug|Any CPU
		{D44AE578-1C5D-415A-AB89-2CD6822DF4BF}.Debug|x64.Build.0 = Debug|Any CPU
		{D44AE578-1C5D-415A-AB89-2CD6822DF4BF}.Debug|x86.ActiveCfg = Debug|Any CPU
		{D44AE578-1C5D-415A-AB89-2CD6822DF4BF}.Debug|x86.Build.0 = Debug|Any CPU
		{D44AE578-1C5D-415A-AB89-2CD6822DF4BF}.Release|Any CPU.ActiveCfg = Release|Any CPU
		{D44AE578-1C5D-415A-AB89-2CD6822DF4BF}.Release|Any CPU.Build.0 = Release|Any CPU
		{D44AE578-1C5D-415A-AB89-2CD6822DF4BF}.Release|arm64.ActiveCfg = Release|Any CPU
		{D44AE578-1C5D-415A-AB89-2CD6822DF4BF}.Release|arm64.Build.0 = Release|Any CPU
		{D44AE578-1C5D-415A-AB89-2CD6822DF4BF}.Release|x64.ActiveCfg = Release|Any CPU
		{D44AE578-1C5D-415A-AB89-2CD6822DF4BF}.Release|x64.Build.0 = Release|Any CPU
		{D44AE578-1C5D-415A-AB89-2CD6822DF4BF}.Release|x86.ActiveCfg = Release|Any CPU
		{D44AE578-1C5D-415A-AB89-2CD6822DF4BF}.Release|x86.Build.0 = Release|Any CPU
		{0BDFEA95-CF90-46A6-AC3C-4821655B2D86}.Debug|Any CPU.ActiveCfg = Debug|Any CPU
		{0BDFEA95-CF90-46A6-AC3C-4821655B2D86}.Debug|Any CPU.Build.0 = Debug|Any CPU
		{0BDFEA95-CF90-46A6-AC3C-4821655B2D86}.Debug|arm64.ActiveCfg = Debug|Any CPU
		{0BDFEA95-CF90-46A6-AC3C-4821655B2D86}.Debug|arm64.Build.0 = Debug|Any CPU
		{0BDFEA95-CF90-46A6-AC3C-4821655B2D86}.Debug|x64.ActiveCfg = Debug|Any CPU
		{0BDFEA95-CF90-46A6-AC3C-4821655B2D86}.Debug|x64.Build.0 = Debug|Any CPU
		{0BDFEA95-CF90-46A6-AC3C-4821655B2D86}.Debug|x86.ActiveCfg = Debug|Any CPU
		{0BDFEA95-CF90-46A6-AC3C-4821655B2D86}.Debug|x86.Build.0 = Debug|Any CPU
		{0BDFEA95-CF90-46A6-AC3C-4821655B2D86}.Release|Any CPU.ActiveCfg = Release|Any CPU
		{0BDFEA95-CF90-46A6-AC3C-4821655B2D86}.Release|Any CPU.Build.0 = Release|Any CPU
		{0BDFEA95-CF90-46A6-AC3C-4821655B2D86}.Release|arm64.ActiveCfg = Release|Any CPU
		{0BDFEA95-CF90-46A6-AC3C-4821655B2D86}.Release|arm64.Build.0 = Release|Any CPU
		{0BDFEA95-CF90-46A6-AC3C-4821655B2D86}.Release|x64.ActiveCfg = Release|Any CPU
		{0BDFEA95-CF90-46A6-AC3C-4821655B2D86}.Release|x64.Build.0 = Release|Any CPU
		{0BDFEA95-CF90-46A6-AC3C-4821655B2D86}.Release|x86.ActiveCfg = Release|Any CPU
		{0BDFEA95-CF90-46A6-AC3C-4821655B2D86}.Release|x86.Build.0 = Release|Any CPU
		{C0054308-6DD0-46C0-91F0-FBA53020B703}.Debug|Any CPU.ActiveCfg = Debug|Any CPU
		{C0054308-6DD0-46C0-91F0-FBA53020B703}.Debug|Any CPU.Build.0 = Debug|Any CPU
		{C0054308-6DD0-46C0-91F0-FBA53020B703}.Debug|arm64.ActiveCfg = Debug|Any CPU
		{C0054308-6DD0-46C0-91F0-FBA53020B703}.Debug|arm64.Build.0 = Debug|Any CPU
		{C0054308-6DD0-46C0-91F0-FBA53020B703}.Debug|x64.ActiveCfg = Debug|Any CPU
		{C0054308-6DD0-46C0-91F0-FBA53020B703}.Debug|x64.Build.0 = Debug|Any CPU
		{C0054308-6DD0-46C0-91F0-FBA53020B703}.Debug|x86.ActiveCfg = Debug|Any CPU
		{C0054308-6DD0-46C0-91F0-FBA53020B703}.Debug|x86.Build.0 = Debug|Any CPU
		{C0054308-6DD0-46C0-91F0-FBA53020B703}.Release|Any CPU.ActiveCfg = Release|Any CPU
		{C0054308-6DD0-46C0-91F0-FBA53020B703}.Release|Any CPU.Build.0 = Release|Any CPU
		{C0054308-6DD0-46C0-91F0-FBA53020B703}.Release|arm64.ActiveCfg = Release|Any CPU
		{C0054308-6DD0-46C0-91F0-FBA53020B703}.Release|arm64.Build.0 = Release|Any CPU
		{C0054308-6DD0-46C0-91F0-FBA53020B703}.Release|x64.ActiveCfg = Release|Any CPU
		{C0054308-6DD0-46C0-91F0-FBA53020B703}.Release|x64.Build.0 = Release|Any CPU
		{C0054308-6DD0-46C0-91F0-FBA53020B703}.Release|x86.ActiveCfg = Release|Any CPU
		{C0054308-6DD0-46C0-91F0-FBA53020B703}.Release|x86.Build.0 = Release|Any CPU
		{EA6B4AF8-1EA9-4361-A265-5B32C0F772AD}.Debug|Any CPU.ActiveCfg = Debug|Any CPU
		{EA6B4AF8-1EA9-4361-A265-5B32C0F772AD}.Debug|Any CPU.Build.0 = Debug|Any CPU
		{EA6B4AF8-1EA9-4361-A265-5B32C0F772AD}.Debug|arm64.ActiveCfg = Debug|Any CPU
		{EA6B4AF8-1EA9-4361-A265-5B32C0F772AD}.Debug|arm64.Build.0 = Debug|Any CPU
		{EA6B4AF8-1EA9-4361-A265-5B32C0F772AD}.Debug|x64.ActiveCfg = Debug|Any CPU
		{EA6B4AF8-1EA9-4361-A265-5B32C0F772AD}.Debug|x64.Build.0 = Debug|Any CPU
		{EA6B4AF8-1EA9-4361-A265-5B32C0F772AD}.Debug|x86.ActiveCfg = Debug|Any CPU
		{EA6B4AF8-1EA9-4361-A265-5B32C0F772AD}.Debug|x86.Build.0 = Debug|Any CPU
		{EA6B4AF8-1EA9-4361-A265-5B32C0F772AD}.Release|Any CPU.ActiveCfg = Release|Any CPU
		{EA6B4AF8-1EA9-4361-A265-5B32C0F772AD}.Release|Any CPU.Build.0 = Release|Any CPU
		{EA6B4AF8-1EA9-4361-A265-5B32C0F772AD}.Release|arm64.ActiveCfg = Release|Any CPU
		{EA6B4AF8-1EA9-4361-A265-5B32C0F772AD}.Release|arm64.Build.0 = Release|Any CPU
		{EA6B4AF8-1EA9-4361-A265-5B32C0F772AD}.Release|x64.ActiveCfg = Release|Any CPU
		{EA6B4AF8-1EA9-4361-A265-5B32C0F772AD}.Release|x64.Build.0 = Release|Any CPU
		{EA6B4AF8-1EA9-4361-A265-5B32C0F772AD}.Release|x86.ActiveCfg = Release|Any CPU
		{EA6B4AF8-1EA9-4361-A265-5B32C0F772AD}.Release|x86.Build.0 = Release|Any CPU
		{DBBE1CDC-649B-4860-A501-12443F6E0D2B}.Debug|Any CPU.ActiveCfg = Debug|Any CPU
		{DBBE1CDC-649B-4860-A501-12443F6E0D2B}.Debug|Any CPU.Build.0 = Debug|Any CPU
		{DBBE1CDC-649B-4860-A501-12443F6E0D2B}.Debug|arm64.ActiveCfg = Debug|Any CPU
		{DBBE1CDC-649B-4860-A501-12443F6E0D2B}.Debug|arm64.Build.0 = Debug|Any CPU
		{DBBE1CDC-649B-4860-A501-12443F6E0D2B}.Debug|x64.ActiveCfg = Debug|Any CPU
		{DBBE1CDC-649B-4860-A501-12443F6E0D2B}.Debug|x64.Build.0 = Debug|Any CPU
		{DBBE1CDC-649B-4860-A501-12443F6E0D2B}.Debug|x86.ActiveCfg = Debug|Any CPU
		{DBBE1CDC-649B-4860-A501-12443F6E0D2B}.Debug|x86.Build.0 = Debug|Any CPU
		{DBBE1CDC-649B-4860-A501-12443F6E0D2B}.Release|Any CPU.ActiveCfg = Release|Any CPU
		{DBBE1CDC-649B-4860-A501-12443F6E0D2B}.Release|Any CPU.Build.0 = Release|Any CPU
		{DBBE1CDC-649B-4860-A501-12443F6E0D2B}.Release|arm64.ActiveCfg = Release|Any CPU
		{DBBE1CDC-649B-4860-A501-12443F6E0D2B}.Release|arm64.Build.0 = Release|Any CPU
		{DBBE1CDC-649B-4860-A501-12443F6E0D2B}.Release|x64.ActiveCfg = Release|Any CPU
		{DBBE1CDC-649B-4860-A501-12443F6E0D2B}.Release|x64.Build.0 = Release|Any CPU
		{DBBE1CDC-649B-4860-A501-12443F6E0D2B}.Release|x86.ActiveCfg = Release|Any CPU
		{DBBE1CDC-649B-4860-A501-12443F6E0D2B}.Release|x86.Build.0 = Release|Any CPU
		{19C66ACC-A49B-4908-AA7A-62410E9D47BD}.Debug|Any CPU.ActiveCfg = Debug|Any CPU
		{19C66ACC-A49B-4908-AA7A-62410E9D47BD}.Debug|Any CPU.Build.0 = Debug|Any CPU
		{19C66ACC-A49B-4908-AA7A-62410E9D47BD}.Debug|arm64.ActiveCfg = Debug|Any CPU
		{19C66ACC-A49B-4908-AA7A-62410E9D47BD}.Debug|arm64.Build.0 = Debug|Any CPU
		{19C66ACC-A49B-4908-AA7A-62410E9D47BD}.Debug|x64.ActiveCfg = Debug|Any CPU
		{19C66ACC-A49B-4908-AA7A-62410E9D47BD}.Debug|x64.Build.0 = Debug|Any CPU
		{19C66ACC-A49B-4908-AA7A-62410E9D47BD}.Debug|x86.ActiveCfg = Debug|Any CPU
		{19C66ACC-A49B-4908-AA7A-62410E9D47BD}.Debug|x86.Build.0 = Debug|Any CPU
		{19C66ACC-A49B-4908-AA7A-62410E9D47BD}.Release|Any CPU.ActiveCfg = Release|Any CPU
		{19C66ACC-A49B-4908-AA7A-62410E9D47BD}.Release|Any CPU.Build.0 = Release|Any CPU
		{19C66ACC-A49B-4908-AA7A-62410E9D47BD}.Release|arm64.ActiveCfg = Release|Any CPU
		{19C66ACC-A49B-4908-AA7A-62410E9D47BD}.Release|arm64.Build.0 = Release|Any CPU
		{19C66ACC-A49B-4908-AA7A-62410E9D47BD}.Release|x64.ActiveCfg = Release|Any CPU
		{19C66ACC-A49B-4908-AA7A-62410E9D47BD}.Release|x64.Build.0 = Release|Any CPU
		{19C66ACC-A49B-4908-AA7A-62410E9D47BD}.Release|x86.ActiveCfg = Release|Any CPU
		{19C66ACC-A49B-4908-AA7A-62410E9D47BD}.Release|x86.Build.0 = Release|Any CPU
		{F40A7262-A5CC-4696-B0F3-6AC6FA4A8843}.Debug|Any CPU.ActiveCfg = Debug|Any CPU
		{F40A7262-A5CC-4696-B0F3-6AC6FA4A8843}.Debug|Any CPU.Build.0 = Debug|Any CPU
		{F40A7262-A5CC-4696-B0F3-6AC6FA4A8843}.Debug|arm64.ActiveCfg = Debug|Any CPU
		{F40A7262-A5CC-4696-B0F3-6AC6FA4A8843}.Debug|arm64.Build.0 = Debug|Any CPU
		{F40A7262-A5CC-4696-B0F3-6AC6FA4A8843}.Debug|x64.ActiveCfg = Debug|Any CPU
		{F40A7262-A5CC-4696-B0F3-6AC6FA4A8843}.Debug|x64.Build.0 = Debug|Any CPU
		{F40A7262-A5CC-4696-B0F3-6AC6FA4A8843}.Debug|x86.ActiveCfg = Debug|Any CPU
		{F40A7262-A5CC-4696-B0F3-6AC6FA4A8843}.Debug|x86.Build.0 = Debug|Any CPU
		{F40A7262-A5CC-4696-B0F3-6AC6FA4A8843}.Release|Any CPU.ActiveCfg = Release|Any CPU
		{F40A7262-A5CC-4696-B0F3-6AC6FA4A8843}.Release|Any CPU.Build.0 = Release|Any CPU
		{F40A7262-A5CC-4696-B0F3-6AC6FA4A8843}.Release|arm64.ActiveCfg = Release|Any CPU
		{F40A7262-A5CC-4696-B0F3-6AC6FA4A8843}.Release|arm64.Build.0 = Release|Any CPU
		{F40A7262-A5CC-4696-B0F3-6AC6FA4A8843}.Release|x64.ActiveCfg = Release|Any CPU
		{F40A7262-A5CC-4696-B0F3-6AC6FA4A8843}.Release|x64.Build.0 = Release|Any CPU
		{F40A7262-A5CC-4696-B0F3-6AC6FA4A8843}.Release|x86.ActiveCfg = Release|Any CPU
		{F40A7262-A5CC-4696-B0F3-6AC6FA4A8843}.Release|x86.Build.0 = Release|Any CPU
		{F00FD539-FC24-476B-8C71-13D4FB219619}.Debug|Any CPU.ActiveCfg = Debug|Any CPU
		{F00FD539-FC24-476B-8C71-13D4FB219619}.Debug|Any CPU.Build.0 = Debug|Any CPU
		{F00FD539-FC24-476B-8C71-13D4FB219619}.Debug|arm64.ActiveCfg = Debug|Any CPU
		{F00FD539-FC24-476B-8C71-13D4FB219619}.Debug|arm64.Build.0 = Debug|Any CPU
		{F00FD539-FC24-476B-8C71-13D4FB219619}.Debug|x64.ActiveCfg = Debug|Any CPU
		{F00FD539-FC24-476B-8C71-13D4FB219619}.Debug|x64.Build.0 = Debug|Any CPU
		{F00FD539-FC24-476B-8C71-13D4FB219619}.Debug|x86.ActiveCfg = Debug|Any CPU
		{F00FD539-FC24-476B-8C71-13D4FB219619}.Debug|x86.Build.0 = Debug|Any CPU
		{F00FD539-FC24-476B-8C71-13D4FB219619}.Release|Any CPU.ActiveCfg = Release|Any CPU
		{F00FD539-FC24-476B-8C71-13D4FB219619}.Release|Any CPU.Build.0 = Release|Any CPU
		{F00FD539-FC24-476B-8C71-13D4FB219619}.Release|arm64.ActiveCfg = Release|Any CPU
		{F00FD539-FC24-476B-8C71-13D4FB219619}.Release|arm64.Build.0 = Release|Any CPU
		{F00FD539-FC24-476B-8C71-13D4FB219619}.Release|x64.ActiveCfg = Release|Any CPU
		{F00FD539-FC24-476B-8C71-13D4FB219619}.Release|x64.Build.0 = Release|Any CPU
		{F00FD539-FC24-476B-8C71-13D4FB219619}.Release|x86.ActiveCfg = Release|Any CPU
		{F00FD539-FC24-476B-8C71-13D4FB219619}.Release|x86.Build.0 = Release|Any CPU
		{6A6E10BB-7A5F-4C2B-BFFC-9208EDA18C9F}.Debug|Any CPU.ActiveCfg = Debug|Any CPU
		{6A6E10BB-7A5F-4C2B-BFFC-9208EDA18C9F}.Debug|Any CPU.Build.0 = Debug|Any CPU
		{6A6E10BB-7A5F-4C2B-BFFC-9208EDA18C9F}.Debug|arm64.ActiveCfg = Debug|Any CPU
		{6A6E10BB-7A5F-4C2B-BFFC-9208EDA18C9F}.Debug|arm64.Build.0 = Debug|Any CPU
		{6A6E10BB-7A5F-4C2B-BFFC-9208EDA18C9F}.Debug|x64.ActiveCfg = Debug|Any CPU
		{6A6E10BB-7A5F-4C2B-BFFC-9208EDA18C9F}.Debug|x64.Build.0 = Debug|Any CPU
		{6A6E10BB-7A5F-4C2B-BFFC-9208EDA18C9F}.Debug|x86.ActiveCfg = Debug|Any CPU
		{6A6E10BB-7A5F-4C2B-BFFC-9208EDA18C9F}.Debug|x86.Build.0 = Debug|Any CPU
		{6A6E10BB-7A5F-4C2B-BFFC-9208EDA18C9F}.Release|Any CPU.ActiveCfg = Release|Any CPU
		{6A6E10BB-7A5F-4C2B-BFFC-9208EDA18C9F}.Release|Any CPU.Build.0 = Release|Any CPU
		{6A6E10BB-7A5F-4C2B-BFFC-9208EDA18C9F}.Release|arm64.ActiveCfg = Release|Any CPU
		{6A6E10BB-7A5F-4C2B-BFFC-9208EDA18C9F}.Release|arm64.Build.0 = Release|Any CPU
		{6A6E10BB-7A5F-4C2B-BFFC-9208EDA18C9F}.Release|x64.ActiveCfg = Release|Any CPU
		{6A6E10BB-7A5F-4C2B-BFFC-9208EDA18C9F}.Release|x64.Build.0 = Release|Any CPU
		{6A6E10BB-7A5F-4C2B-BFFC-9208EDA18C9F}.Release|x86.ActiveCfg = Release|Any CPU
		{6A6E10BB-7A5F-4C2B-BFFC-9208EDA18C9F}.Release|x86.Build.0 = Release|Any CPU
		{CED3FBB4-0A7C-4D74-880C-9B49DB4285F9}.Debug|Any CPU.ActiveCfg = Debug|Any CPU
		{CED3FBB4-0A7C-4D74-880C-9B49DB4285F9}.Debug|Any CPU.Build.0 = Debug|Any CPU
		{CED3FBB4-0A7C-4D74-880C-9B49DB4285F9}.Debug|arm64.ActiveCfg = Debug|Any CPU
		{CED3FBB4-0A7C-4D74-880C-9B49DB4285F9}.Debug|arm64.Build.0 = Debug|Any CPU
		{CED3FBB4-0A7C-4D74-880C-9B49DB4285F9}.Debug|x64.ActiveCfg = Debug|Any CPU
		{CED3FBB4-0A7C-4D74-880C-9B49DB4285F9}.Debug|x64.Build.0 = Debug|Any CPU
		{CED3FBB4-0A7C-4D74-880C-9B49DB4285F9}.Debug|x86.ActiveCfg = Debug|Any CPU
		{CED3FBB4-0A7C-4D74-880C-9B49DB4285F9}.Debug|x86.Build.0 = Debug|Any CPU
		{CED3FBB4-0A7C-4D74-880C-9B49DB4285F9}.Release|Any CPU.ActiveCfg = Release|Any CPU
		{CED3FBB4-0A7C-4D74-880C-9B49DB4285F9}.Release|Any CPU.Build.0 = Release|Any CPU
		{CED3FBB4-0A7C-4D74-880C-9B49DB4285F9}.Release|arm64.ActiveCfg = Release|Any CPU
		{CED3FBB4-0A7C-4D74-880C-9B49DB4285F9}.Release|arm64.Build.0 = Release|Any CPU
		{CED3FBB4-0A7C-4D74-880C-9B49DB4285F9}.Release|x64.ActiveCfg = Release|Any CPU
		{CED3FBB4-0A7C-4D74-880C-9B49DB4285F9}.Release|x64.Build.0 = Release|Any CPU
		{CED3FBB4-0A7C-4D74-880C-9B49DB4285F9}.Release|x86.ActiveCfg = Release|Any CPU
		{CED3FBB4-0A7C-4D74-880C-9B49DB4285F9}.Release|x86.Build.0 = Release|Any CPU
		{7CCB5A28-912F-4CB2-8EA7-CB3D7628B74C}.Debug|Any CPU.ActiveCfg = Debug|Any CPU
		{7CCB5A28-912F-4CB2-8EA7-CB3D7628B74C}.Debug|Any CPU.Build.0 = Debug|Any CPU
		{7CCB5A28-912F-4CB2-8EA7-CB3D7628B74C}.Debug|arm64.ActiveCfg = Debug|Any CPU
		{7CCB5A28-912F-4CB2-8EA7-CB3D7628B74C}.Debug|arm64.Build.0 = Debug|Any CPU
		{7CCB5A28-912F-4CB2-8EA7-CB3D7628B74C}.Debug|x64.ActiveCfg = Debug|Any CPU
		{7CCB5A28-912F-4CB2-8EA7-CB3D7628B74C}.Debug|x64.Build.0 = Debug|Any CPU
		{7CCB5A28-912F-4CB2-8EA7-CB3D7628B74C}.Debug|x86.ActiveCfg = Debug|Any CPU
		{7CCB5A28-912F-4CB2-8EA7-CB3D7628B74C}.Debug|x86.Build.0 = Debug|Any CPU
		{7CCB5A28-912F-4CB2-8EA7-CB3D7628B74C}.Release|Any CPU.ActiveCfg = Release|Any CPU
		{7CCB5A28-912F-4CB2-8EA7-CB3D7628B74C}.Release|Any CPU.Build.0 = Release|Any CPU
		{7CCB5A28-912F-4CB2-8EA7-CB3D7628B74C}.Release|arm64.ActiveCfg = Release|Any CPU
		{7CCB5A28-912F-4CB2-8EA7-CB3D7628B74C}.Release|arm64.Build.0 = Release|Any CPU
		{7CCB5A28-912F-4CB2-8EA7-CB3D7628B74C}.Release|x64.ActiveCfg = Release|Any CPU
		{7CCB5A28-912F-4CB2-8EA7-CB3D7628B74C}.Release|x64.Build.0 = Release|Any CPU
		{7CCB5A28-912F-4CB2-8EA7-CB3D7628B74C}.Release|x86.ActiveCfg = Release|Any CPU
		{7CCB5A28-912F-4CB2-8EA7-CB3D7628B74C}.Release|x86.Build.0 = Release|Any CPU
		{56EF0A33-6EF8-451F-87B9-D53C105E8321}.Debug|Any CPU.ActiveCfg = Debug|Any CPU
		{56EF0A33-6EF8-451F-87B9-D53C105E8321}.Debug|Any CPU.Build.0 = Debug|Any CPU
		{56EF0A33-6EF8-451F-87B9-D53C105E8321}.Debug|arm64.ActiveCfg = Debug|Any CPU
		{56EF0A33-6EF8-451F-87B9-D53C105E8321}.Debug|arm64.Build.0 = Debug|Any CPU
		{56EF0A33-6EF8-451F-87B9-D53C105E8321}.Debug|x64.ActiveCfg = Debug|Any CPU
		{56EF0A33-6EF8-451F-87B9-D53C105E8321}.Debug|x64.Build.0 = Debug|Any CPU
		{56EF0A33-6EF8-451F-87B9-D53C105E8321}.Debug|x86.ActiveCfg = Debug|Any CPU
		{56EF0A33-6EF8-451F-87B9-D53C105E8321}.Debug|x86.Build.0 = Debug|Any CPU
		{56EF0A33-6EF8-451F-87B9-D53C105E8321}.Release|Any CPU.ActiveCfg = Release|Any CPU
		{56EF0A33-6EF8-451F-87B9-D53C105E8321}.Release|Any CPU.Build.0 = Release|Any CPU
		{56EF0A33-6EF8-451F-87B9-D53C105E8321}.Release|arm64.ActiveCfg = Release|Any CPU
		{56EF0A33-6EF8-451F-87B9-D53C105E8321}.Release|arm64.Build.0 = Release|Any CPU
		{56EF0A33-6EF8-451F-87B9-D53C105E8321}.Release|x64.ActiveCfg = Release|Any CPU
		{56EF0A33-6EF8-451F-87B9-D53C105E8321}.Release|x64.Build.0 = Release|Any CPU
		{56EF0A33-6EF8-451F-87B9-D53C105E8321}.Release|x86.ActiveCfg = Release|Any CPU
		{56EF0A33-6EF8-451F-87B9-D53C105E8321}.Release|x86.Build.0 = Release|Any CPU
		{45F25F84-D5E8-4B9F-9A08-60C22436518A}.Debug|Any CPU.ActiveCfg = Debug|Any CPU
		{45F25F84-D5E8-4B9F-9A08-60C22436518A}.Debug|Any CPU.Build.0 = Debug|Any CPU
		{45F25F84-D5E8-4B9F-9A08-60C22436518A}.Debug|arm64.ActiveCfg = Debug|Any CPU
		{45F25F84-D5E8-4B9F-9A08-60C22436518A}.Debug|arm64.Build.0 = Debug|Any CPU
		{45F25F84-D5E8-4B9F-9A08-60C22436518A}.Debug|x64.ActiveCfg = Debug|Any CPU
		{45F25F84-D5E8-4B9F-9A08-60C22436518A}.Debug|x64.Build.0 = Debug|Any CPU
		{45F25F84-D5E8-4B9F-9A08-60C22436518A}.Debug|x86.ActiveCfg = Debug|Any CPU
		{45F25F84-D5E8-4B9F-9A08-60C22436518A}.Debug|x86.Build.0 = Debug|Any CPU
		{45F25F84-D5E8-4B9F-9A08-60C22436518A}.Release|Any CPU.ActiveCfg = Release|Any CPU
		{45F25F84-D5E8-4B9F-9A08-60C22436518A}.Release|Any CPU.Build.0 = Release|Any CPU
		{45F25F84-D5E8-4B9F-9A08-60C22436518A}.Release|arm64.ActiveCfg = Release|Any CPU
		{45F25F84-D5E8-4B9F-9A08-60C22436518A}.Release|arm64.Build.0 = Release|Any CPU
		{45F25F84-D5E8-4B9F-9A08-60C22436518A}.Release|x64.ActiveCfg = Release|Any CPU
		{45F25F84-D5E8-4B9F-9A08-60C22436518A}.Release|x64.Build.0 = Release|Any CPU
		{45F25F84-D5E8-4B9F-9A08-60C22436518A}.Release|x86.ActiveCfg = Release|Any CPU
		{45F25F84-D5E8-4B9F-9A08-60C22436518A}.Release|x86.Build.0 = Release|Any CPU
		{E086EB16-C471-418A-B6F2-15F1D6C135AA}.Debug|Any CPU.ActiveCfg = Debug|Any CPU
		{E086EB16-C471-418A-B6F2-15F1D6C135AA}.Debug|Any CPU.Build.0 = Debug|Any CPU
		{E086EB16-C471-418A-B6F2-15F1D6C135AA}.Debug|arm64.ActiveCfg = Debug|Any CPU
		{E086EB16-C471-418A-B6F2-15F1D6C135AA}.Debug|arm64.Build.0 = Debug|Any CPU
		{E086EB16-C471-418A-B6F2-15F1D6C135AA}.Debug|x64.ActiveCfg = Debug|Any CPU
		{E086EB16-C471-418A-B6F2-15F1D6C135AA}.Debug|x64.Build.0 = Debug|Any CPU
		{E086EB16-C471-418A-B6F2-15F1D6C135AA}.Debug|x86.ActiveCfg = Debug|Any CPU
		{E086EB16-C471-418A-B6F2-15F1D6C135AA}.Debug|x86.Build.0 = Debug|Any CPU
		{E086EB16-C471-418A-B6F2-15F1D6C135AA}.Release|Any CPU.ActiveCfg = Release|Any CPU
		{E086EB16-C471-418A-B6F2-15F1D6C135AA}.Release|Any CPU.Build.0 = Release|Any CPU
		{E086EB16-C471-418A-B6F2-15F1D6C135AA}.Release|arm64.ActiveCfg = Release|Any CPU
		{E086EB16-C471-418A-B6F2-15F1D6C135AA}.Release|arm64.Build.0 = Release|Any CPU
		{E086EB16-C471-418A-B6F2-15F1D6C135AA}.Release|x64.ActiveCfg = Release|Any CPU
		{E086EB16-C471-418A-B6F2-15F1D6C135AA}.Release|x64.Build.0 = Release|Any CPU
		{E086EB16-C471-418A-B6F2-15F1D6C135AA}.Release|x86.ActiveCfg = Release|Any CPU
		{E086EB16-C471-418A-B6F2-15F1D6C135AA}.Release|x86.Build.0 = Release|Any CPU
		{CF82B6AE-9404-4744-8FC2-A48ADCA50D90}.Debug|Any CPU.ActiveCfg = Debug|Any CPU
		{CF82B6AE-9404-4744-8FC2-A48ADCA50D90}.Debug|Any CPU.Build.0 = Debug|Any CPU
		{CF82B6AE-9404-4744-8FC2-A48ADCA50D90}.Debug|arm64.ActiveCfg = Debug|Any CPU
		{CF82B6AE-9404-4744-8FC2-A48ADCA50D90}.Debug|arm64.Build.0 = Debug|Any CPU
		{CF82B6AE-9404-4744-8FC2-A48ADCA50D90}.Debug|x64.ActiveCfg = Debug|Any CPU
		{CF82B6AE-9404-4744-8FC2-A48ADCA50D90}.Debug|x64.Build.0 = Debug|Any CPU
		{CF82B6AE-9404-4744-8FC2-A48ADCA50D90}.Debug|x86.ActiveCfg = Debug|Any CPU
		{CF82B6AE-9404-4744-8FC2-A48ADCA50D90}.Debug|x86.Build.0 = Debug|Any CPU
		{CF82B6AE-9404-4744-8FC2-A48ADCA50D90}.Release|Any CPU.ActiveCfg = Release|Any CPU
		{CF82B6AE-9404-4744-8FC2-A48ADCA50D90}.Release|Any CPU.Build.0 = Release|Any CPU
		{CF82B6AE-9404-4744-8FC2-A48ADCA50D90}.Release|arm64.ActiveCfg = Release|Any CPU
		{CF82B6AE-9404-4744-8FC2-A48ADCA50D90}.Release|arm64.Build.0 = Release|Any CPU
		{CF82B6AE-9404-4744-8FC2-A48ADCA50D90}.Release|x64.ActiveCfg = Release|Any CPU
		{CF82B6AE-9404-4744-8FC2-A48ADCA50D90}.Release|x64.Build.0 = Release|Any CPU
		{CF82B6AE-9404-4744-8FC2-A48ADCA50D90}.Release|x86.ActiveCfg = Release|Any CPU
		{CF82B6AE-9404-4744-8FC2-A48ADCA50D90}.Release|x86.Build.0 = Release|Any CPU
		{36A42244-0152-4F65-A710-2CC6896BF94E}.Debug|Any CPU.ActiveCfg = Debug|Any CPU
		{36A42244-0152-4F65-A710-2CC6896BF94E}.Debug|Any CPU.Build.0 = Debug|Any CPU
		{36A42244-0152-4F65-A710-2CC6896BF94E}.Debug|arm64.ActiveCfg = Debug|Any CPU
		{36A42244-0152-4F65-A710-2CC6896BF94E}.Debug|arm64.Build.0 = Debug|Any CPU
		{36A42244-0152-4F65-A710-2CC6896BF94E}.Debug|x64.ActiveCfg = Debug|Any CPU
		{36A42244-0152-4F65-A710-2CC6896BF94E}.Debug|x64.Build.0 = Debug|Any CPU
		{36A42244-0152-4F65-A710-2CC6896BF94E}.Debug|x86.ActiveCfg = Debug|Any CPU
		{36A42244-0152-4F65-A710-2CC6896BF94E}.Debug|x86.Build.0 = Debug|Any CPU
		{36A42244-0152-4F65-A710-2CC6896BF94E}.Release|Any CPU.ActiveCfg = Release|Any CPU
		{36A42244-0152-4F65-A710-2CC6896BF94E}.Release|Any CPU.Build.0 = Release|Any CPU
		{36A42244-0152-4F65-A710-2CC6896BF94E}.Release|arm64.ActiveCfg = Release|Any CPU
		{36A42244-0152-4F65-A710-2CC6896BF94E}.Release|arm64.Build.0 = Release|Any CPU
		{36A42244-0152-4F65-A710-2CC6896BF94E}.Release|x64.ActiveCfg = Release|Any CPU
		{36A42244-0152-4F65-A710-2CC6896BF94E}.Release|x64.Build.0 = Release|Any CPU
		{36A42244-0152-4F65-A710-2CC6896BF94E}.Release|x86.ActiveCfg = Release|Any CPU
		{36A42244-0152-4F65-A710-2CC6896BF94E}.Release|x86.Build.0 = Release|Any CPU
		{98379454-27E8-4C88-B484-8B5D58473BBB}.Debug|Any CPU.ActiveCfg = Debug|Any CPU
		{98379454-27E8-4C88-B484-8B5D58473BBB}.Debug|Any CPU.Build.0 = Debug|Any CPU
		{98379454-27E8-4C88-B484-8B5D58473BBB}.Debug|arm64.ActiveCfg = Debug|Any CPU
		{98379454-27E8-4C88-B484-8B5D58473BBB}.Debug|arm64.Build.0 = Debug|Any CPU
		{98379454-27E8-4C88-B484-8B5D58473BBB}.Debug|x64.ActiveCfg = Debug|Any CPU
		{98379454-27E8-4C88-B484-8B5D58473BBB}.Debug|x64.Build.0 = Debug|Any CPU
		{98379454-27E8-4C88-B484-8B5D58473BBB}.Debug|x86.ActiveCfg = Debug|Any CPU
		{98379454-27E8-4C88-B484-8B5D58473BBB}.Debug|x86.Build.0 = Debug|Any CPU
		{98379454-27E8-4C88-B484-8B5D58473BBB}.Release|Any CPU.ActiveCfg = Release|Any CPU
		{98379454-27E8-4C88-B484-8B5D58473BBB}.Release|Any CPU.Build.0 = Release|Any CPU
		{98379454-27E8-4C88-B484-8B5D58473BBB}.Release|arm64.ActiveCfg = Release|Any CPU
		{98379454-27E8-4C88-B484-8B5D58473BBB}.Release|arm64.Build.0 = Release|Any CPU
		{98379454-27E8-4C88-B484-8B5D58473BBB}.Release|x64.ActiveCfg = Release|Any CPU
		{98379454-27E8-4C88-B484-8B5D58473BBB}.Release|x64.Build.0 = Release|Any CPU
		{98379454-27E8-4C88-B484-8B5D58473BBB}.Release|x86.ActiveCfg = Release|Any CPU
		{98379454-27E8-4C88-B484-8B5D58473BBB}.Release|x86.Build.0 = Release|Any CPU
	EndGlobalSection
	GlobalSection(SolutionProperties) = preSolution
		HideSolutionNode = FALSE
	EndGlobalSection
	GlobalSection(ExtensibilityGlobals) = postSolution
		SolutionGuid = {8BAD2FA3-FAF9-4B60-A3BD-8EF076B4F7AB}
	EndGlobalSection
EndGlobal
